
Microsoft Visual Studio Solution File, Format Version 12.00
# Visual Studio 15
VisualStudioVersion = 15.0.27428.2011
MinimumVisualStudioVersion = 10.0.40219.1
Project("{FAE04EC0-301F-11D3-BF4B-00C04F79EFBC}") = "Testing.Mvc4", "src\Testing.Mvc4\Testing.Mvc4.csproj", "{1011D6D8-E59D-452A-B95D-0A633243D998}"
EndProject
Project("{FAE04EC0-301F-11D3-BF4B-00C04F79EFBC}") = "Testing.Mvc5", "src\Testing.Mvc5\Testing.Mvc5.csproj", "{1468489C-1088-4631-A6C5-DFCE6110637A}"
EndProject
Project("{FAE04EC0-301F-11D3-BF4B-00C04F79EFBC}") = "Testing.Mvc5-1", "src\Testing.Mvc5-1\Testing.Mvc5-1.csproj", "{1CEDD2A2-AE11-4904-992F-480FBCD2A93A}"
EndProject
Project("{FAE04EC0-301F-11D3-BF4B-00C04F79EFBC}") = "Testing.Mvc5-2", "src\Testing.Mvc5-2\Testing.Mvc5-2.csproj", "{7EF3F4BE-80C6-4E81-8571-E7435BCC3233}"
EndProject
Project("{FAE04EC0-301F-11D3-BF4B-00C04F79EFBC}") = "Testing.Mvc4.Tests", "test\Testing.Mvc4.Tests\Testing.Mvc4.Tests.csproj", "{170479CE-B218-4081-974B-FC8396699F84}"
EndProject
Project("{FAE04EC0-301F-11D3-BF4B-00C04F79EFBC}") = "Testing.Mvc5.Tests", "test\Testing.Mvc5.Tests\Testing.Mvc5.Tests.csproj", "{28FF68F9-36D9-40F3-80D2-6F179932782D}"
EndProject
Project("{FAE04EC0-301F-11D3-BF4B-00C04F79EFBC}") = "Testing.Mvc5-1.Tests", "test\Testing.Mvc5-1.Tests\Testing.Mvc5-1.Tests.csproj", "{FE2AB164-9C23-474D-9C98-7BAD93A1516D}"
EndProject
Project("{FAE04EC0-301F-11D3-BF4B-00C04F79EFBC}") = "Testing.Mvc5-2.Tests", "test\Testing.Mvc5-2.Tests\Testing.Mvc5-2.Tests.csproj", "{3CCD2CA9-761E-430E-9ED0-47B0CB5084D0}"
EndProject
Project("{2150E333-8FDC-42A3-9474-1A3956D46DE8}") = "Solution Items", "Solution Items", "{046F486E-2891-4908-BCAF-17F74D9DBAD9}"
	ProjectSection(SolutionItems) = preProject
		LICENSE = LICENSE
		README.md = README.md
	EndProjectSection
EndProject
Global
	GlobalSection(SolutionConfigurationPlatforms) = preSolution
		Debug|Any CPU = Debug|Any CPU
		Release|Any CPU = Release|Any CPU
	EndGlobalSection
	GlobalSection(ProjectConfigurationPlatforms) = postSolution
		{1011D6D8-E59D-452A-B95D-0A633243D998}.Debug|Any CPU.ActiveCfg = Debug|Any CPU
		{1011D6D8-E59D-452A-B95D-0A633243D998}.Debug|Any CPU.Build.0 = Debug|Any CPU
		{1011D6D8-E59D-452A-B95D-0A633243D998}.Release|Any CPU.ActiveCfg = Release|Any CPU
		{1011D6D8-E59D-452A-B95D-0A633243D998}.Release|Any CPU.Build.0 = Release|Any CPU
		{1468489C-1088-4631-A6C5-DFCE6110637A}.Debug|Any CPU.ActiveCfg = Debug|Any CPU
		{1468489C-1088-4631-A6C5-DFCE6110637A}.Debug|Any CPU.Build.0 = Debug|Any CPU
		{1468489C-1088-4631-A6C5-DFCE6110637A}.Release|Any CPU.ActiveCfg = Release|Any CPU
		{1468489C-1088-4631-A6C5-DFCE6110637A}.Release|Any CPU.Build.0 = Release|Any CPU
		{1CEDD2A2-AE11-4904-992F-480FBCD2A93A}.Debug|Any CPU.ActiveCfg = Debug|Any CPU
		{1CEDD2A2-AE11-4904-992F-480FBCD2A93A}.Debug|Any CPU.Build.0 = Debug|Any CPU
		{1CEDD2A2-AE11-4904-992F-480FBCD2A93A}.Release|Any CPU.ActiveCfg = Release|Any CPU
		{1CEDD2A2-AE11-4904-992F-480FBCD2A93A}.Release|Any CPU.Build.0 = Release|Any CPU
		{7EF3F4BE-80C6-4E81-8571-E7435BCC3233}.Debug|Any CPU.ActiveCfg = Debug|Any CPU
		{7EF3F4BE-80C6-4E81-8571-E7435BCC3233}.Debug|Any CPU.Build.0 = Debug|Any CPU
		{7EF3F4BE-80C6-4E81-8571-E7435BCC3233}.Release|Any CPU.ActiveCfg = Release|Any CPU
		{7EF3F4BE-80C6-4E81-8571-E7435BCC3233}.Release|Any CPU.Build.0 = Release|Any CPU
		{170479CE-B218-4081-974B-FC8396699F84}.Debug|Any CPU.ActiveCfg = Debug|Any CPU
		{170479CE-B218-4081-974B-FC8396699F84}.Debug|Any CPU.Build.0 = Debug|Any CPU
		{170479CE-B218-4081-974B-FC8396699F84}.Release|Any CPU.ActiveCfg = Release|Any CPU
		{170479CE-B218-4081-974B-FC8396699F84}.Release|Any CPU.Build.0 = Release|Any CPU
		{28FF68F9-36D9-40F3-80D2-6F179932782D}.Debug|Any CPU.ActiveCfg = Debug|Any CPU
		{28FF68F9-36D9-40F3-80D2-6F179932782D}.Debug|Any CPU.Build.0 = Debug|Any CPU
		{28FF68F9-36D9-40F3-80D2-6F179932782D}.Release|Any CPU.ActiveCfg = Release|Any CPU
		{28FF68F9-36D9-40F3-80D2-6F179932782D}.Release|Any CPU.Build.0 = Release|Any CPU
		{FE2AB164-9C23-474D-9C98-7BAD93A1516D}.Debug|Any CPU.ActiveCfg = Debug|Any CPU
		{FE2AB164-9C23-474D-9C98-7BAD93A1516D}.Debug|Any CPU.Build.0 = Debug|Any CPU
		{FE2AB164-9C23-474D-9C98-7BAD93A1516D}.Release|Any CPU.ActiveCfg = Release|Any CPU
		{FE2AB164-9C23-474D-9C98-7BAD93A1516D}.Release|Any CPU.Build.0 = Release|Any CPU
		{3CCD2CA9-761E-430E-9ED0-47B0CB5084D0}.Debug|Any CPU.ActiveCfg = Debug|Any CPU
		{3CCD2CA9-761E-430E-9ED0-47B0CB5084D0}.Debug|Any CPU.Build.0 = Debug|Any CPU
		{3CCD2CA9-761E-430E-9ED0-47B0CB5084D0}.Release|Any CPU.ActiveCfg = Release|Any CPU
		{3CCD2CA9-761E-430E-9ED0-47B0CB5084D0}.Release|Any CPU.Build.0 = Release|Any CPU
	EndGlobalSection
	GlobalSection(SolutionProperties) = preSolution
		HideSolutionNode = FALSE
	EndGlobalSection
	GlobalSection(ExtensibilityGlobals) = postSolution
		SolutionGuid = {819EA792-2B4B-4FFF-870F-943280114552}
	EndGlobalSection
EndGlobal
