
Microsoft Visual Studio Solution File, Format Version 12.00
# Visual Studio Version 16
VisualStudioVersion = 16.0.29519.87
MinimumVisualStudioVersion = 10.0.40219.1
Project("{9A19103F-16F7-4668-BE54-9A1E7A4F7556}") = "Aranasoft.Cobweb.NHibernate3", "src\nhibernate3\Aranasoft.Cobweb.NHibernate3.csproj", "{4CB65D8A-99BA-4274-B323-9ACCF19606EB}"
EndProject
Project("{9A19103F-16F7-4668-BE54-9A1E7A4F7556}") = "Aranasoft.Cobweb.NHibernate4", "src\nhibernate4\Aranasoft.Cobweb.NHibernate4.csproj", "{84085341-8720-44EE-BD78-B5F5C38BC330}"
EndProject
Project("{9A19103F-16F7-4668-BE54-9A1E7A4F7556}") = "Aranasoft.Cobweb.NHibernate3.Tests", "test\nhibernate3.tests\Aranasoft.Cobweb.NHibernate3.Tests.csproj", "{05328E70-9ADD-4790-B61B-3902000301FA}"
EndProject
Project("{9A19103F-16F7-4668-BE54-9A1E7A4F7556}") = "Aranasoft.Cobweb.NHibernate4.Tests", "test\nhibernate4.tests\Aranasoft.Cobweb.NHibernate4.Tests.csproj", "{7FD6C25F-D2A1-492D-9067-CC8772E7E4D5}"
EndProject
Project("{2150E333-8FDC-42A3-9474-1A3956D46DE8}") = "Solution Items", "Solution Items", "{89ACABCD-0E5D-4DDC-A4A2-5E7B19C4BF35}"
	ProjectSection(SolutionItems) = preProject
		CHANGELOG.md = CHANGELOG.md
		README.md = README.md
	EndProjectSection
EndProject
Project("{9A19103F-16F7-4668-BE54-9A1E7A4F7556}") = "Aranasoft.Cobweb.NHibernate5", "src\nhibernate5\Aranasoft.Cobweb.NHibernate5.csproj", "{8923CF0C-BE25-4339-9DE0-6EBFF1267A74}"
EndProject
Project("{9A19103F-16F7-4668-BE54-9A1E7A4F7556}") = "Aranasoft.Cobweb.NHibernate5.Tests", "test\nhibernate5.tests\Aranasoft.Cobweb.NHibernate5.Tests.csproj", "{C47A463E-DC3D-40EF-A841-1B5EDC598E17}"
EndProject
Project("{2150E333-8FDC-42A3-9474-1A3956D46DE8}") = "src", "src", "{94C66F58-A938-45FA-8B23-D264655FD2FE}"
EndProject
Project("{9A19103F-16F7-4668-BE54-9A1E7A4F7556}") = "Aranasoft.Cobweb.NHibernate3.Validation", "src\nhibernate3.validation\Aranasoft.Cobweb.NHibernate3.Validation.csproj", "{46EBB654-215A-41C1-823A-15B9B0E396F0}"
EndProject
Project("{9A19103F-16F7-4668-BE54-9A1E7A4F7556}") = "Aranasoft.Cobweb.NHibernate4.Validation", "src\nhibernate4.validation\Aranasoft.Cobweb.NHibernate4.Validation.csproj", "{09671A34-8061-4482-B31B-BF547BFC4C2D}"
EndProject
Project("{9A19103F-16F7-4668-BE54-9A1E7A4F7556}") = "Aranasoft.Cobweb.NHibernate5.Validation", "src\nhibernate5.validation\Aranasoft.Cobweb.NHibernate5.Validation.csproj", "{00F1BE62-A124-4893-A29C-78BEFA368B4E}"
EndProject
Project("{2150E333-8FDC-42A3-9474-1A3956D46DE8}") = "test", "test", "{792B2CB1-7C34-4DFD-89A3-1E89B994267A}"
EndProject
Project("{9A19103F-16F7-4668-BE54-9A1E7A4F7556}") = "Aranasoft.Cobweb.NHibernate3.Validation.Tests", "test\nhibernate3.validation.tests\Aranasoft.Cobweb.NHibernate3.Validation.Tests.csproj", "{20C6DCEC-A441-46B7-8D6F-F41CC870670D}"
EndProject
Project("{9A19103F-16F7-4668-BE54-9A1E7A4F7556}") = "Aranasoft.Cobweb.NHibernate4.Validation.Tests", "test\nhibernate4.validation.tests\Aranasoft.Cobweb.NHibernate4.Validation.Tests.csproj", "{8EAB6D65-797B-4B7C-9752-620D589821DB}"
EndProject
Project("{9A19103F-16F7-4668-BE54-9A1E7A4F7556}") = "Aranasoft.Cobweb.NHibernate5.Validation.Tests", "test\nhibernate5.validation.tests\Aranasoft.Cobweb.NHibernate5.Validation.Tests.csproj", "{136B2A71-300F-481B-AB04-E369E1289282}"
EndProject
Project("{2150E333-8FDC-42A3-9474-1A3956D46DE8}") = "_deps", "_deps", "{724618DC-773B-4E69-94D1-9283A6501DD0}"
EndProject
Project("{9A19103F-16F7-4668-BE54-9A1E7A4F7556}") = "Aranasoft.Cobweb", "..\cobweb\src\Cobweb\Aranasoft.Cobweb.csproj", "{C54D1C0F-75B6-424F-BFAE-583B0E18FCA4}"
EndProject
Global
	GlobalSection(SolutionConfigurationPlatforms) = preSolution
		Debug|Any CPU = Debug|Any CPU
		Debug|x64 = Debug|x64
		Release|Any CPU = Release|Any CPU
		Release|x64 = Release|x64
	EndGlobalSection
	GlobalSection(ProjectConfigurationPlatforms) = postSolution
		{4CB65D8A-99BA-4274-B323-9ACCF19606EB}.Debug|Any CPU.ActiveCfg = Debug|Any CPU
		{4CB65D8A-99BA-4274-B323-9ACCF19606EB}.Debug|Any CPU.Build.0 = Debug|Any CPU
		{4CB65D8A-99BA-4274-B323-9ACCF19606EB}.Debug|x64.ActiveCfg = Debug|x64
		{4CB65D8A-99BA-4274-B323-9ACCF19606EB}.Debug|x64.Build.0 = Debug|x64
		{4CB65D8A-99BA-4274-B323-9ACCF19606EB}.Release|Any CPU.ActiveCfg = Release|Any CPU
		{4CB65D8A-99BA-4274-B323-9ACCF19606EB}.Release|Any CPU.Build.0 = Release|Any CPU
		{4CB65D8A-99BA-4274-B323-9ACCF19606EB}.Release|x64.ActiveCfg = Release|x64
		{4CB65D8A-99BA-4274-B323-9ACCF19606EB}.Release|x64.Build.0 = Release|x64
		{84085341-8720-44EE-BD78-B5F5C38BC330}.Debug|Any CPU.ActiveCfg = Debug|Any CPU
		{84085341-8720-44EE-BD78-B5F5C38BC330}.Debug|Any CPU.Build.0 = Debug|Any CPU
		{84085341-8720-44EE-BD78-B5F5C38BC330}.Debug|x64.ActiveCfg = Debug|x64
		{84085341-8720-44EE-BD78-B5F5C38BC330}.Debug|x64.Build.0 = Debug|x64
		{84085341-8720-44EE-BD78-B5F5C38BC330}.Release|Any CPU.ActiveCfg = Release|Any CPU
		{84085341-8720-44EE-BD78-B5F5C38BC330}.Release|Any CPU.Build.0 = Release|Any CPU
		{84085341-8720-44EE-BD78-B5F5C38BC330}.Release|x64.ActiveCfg = Release|x64
		{84085341-8720-44EE-BD78-B5F5C38BC330}.Release|x64.Build.0 = Release|x64
		{05328E70-9ADD-4790-B61B-3902000301FA}.Debug|Any CPU.ActiveCfg = Debug|Any CPU
		{05328E70-9ADD-4790-B61B-3902000301FA}.Debug|Any CPU.Build.0 = Debug|Any CPU
		{05328E70-9ADD-4790-B61B-3902000301FA}.Debug|x64.ActiveCfg = Debug|x64
		{05328E70-9ADD-4790-B61B-3902000301FA}.Debug|x64.Build.0 = Debug|x64
		{05328E70-9ADD-4790-B61B-3902000301FA}.Release|Any CPU.ActiveCfg = Release|Any CPU
		{05328E70-9ADD-4790-B61B-3902000301FA}.Release|Any CPU.Build.0 = Release|Any CPU
		{05328E70-9ADD-4790-B61B-3902000301FA}.Release|x64.ActiveCfg = Release|x64
		{05328E70-9ADD-4790-B61B-3902000301FA}.Release|x64.Build.0 = Release|x64
		{7FD6C25F-D2A1-492D-9067-CC8772E7E4D5}.Debug|Any CPU.ActiveCfg = Debug|Any CPU
		{7FD6C25F-D2A1-492D-9067-CC8772E7E4D5}.Debug|Any CPU.Build.0 = Debug|Any CPU
		{7FD6C25F-D2A1-492D-9067-CC8772E7E4D5}.Debug|x64.ActiveCfg = Debug|x64
		{7FD6C25F-D2A1-492D-9067-CC8772E7E4D5}.Debug|x64.Build.0 = Debug|x64
		{7FD6C25F-D2A1-492D-9067-CC8772E7E4D5}.Release|Any CPU.ActiveCfg = Release|Any CPU
		{7FD6C25F-D2A1-492D-9067-CC8772E7E4D5}.Release|Any CPU.Build.0 = Release|Any CPU
		{7FD6C25F-D2A1-492D-9067-CC8772E7E4D5}.Release|x64.ActiveCfg = Release|x64
		{7FD6C25F-D2A1-492D-9067-CC8772E7E4D5}.Release|x64.Build.0 = Release|x64
		{8923CF0C-BE25-4339-9DE0-6EBFF1267A74}.Debug|Any CPU.ActiveCfg = Debug|Any CPU
		{8923CF0C-BE25-4339-9DE0-6EBFF1267A74}.Debug|Any CPU.Build.0 = Debug|Any CPU
		{8923CF0C-BE25-4339-9DE0-6EBFF1267A74}.Debug|x64.ActiveCfg = Debug|x64
		{8923CF0C-BE25-4339-9DE0-6EBFF1267A74}.Debug|x64.Build.0 = Debug|x64
		{8923CF0C-BE25-4339-9DE0-6EBFF1267A74}.Release|Any CPU.ActiveCfg = Release|Any CPU
		{8923CF0C-BE25-4339-9DE0-6EBFF1267A74}.Release|Any CPU.Build.0 = Release|Any CPU
		{8923CF0C-BE25-4339-9DE0-6EBFF1267A74}.Release|x64.ActiveCfg = Release|x64
		{8923CF0C-BE25-4339-9DE0-6EBFF1267A74}.Release|x64.Build.0 = Release|x64
		{C47A463E-DC3D-40EF-A841-1B5EDC598E17}.Debug|Any CPU.ActiveCfg = Debug|Any CPU
		{C47A463E-DC3D-40EF-A841-1B5EDC598E17}.Debug|Any CPU.Build.0 = Debug|Any CPU
		{C47A463E-DC3D-40EF-A841-1B5EDC598E17}.Debug|x64.ActiveCfg = Debug|x64
		{C47A463E-DC3D-40EF-A841-1B5EDC598E17}.Debug|x64.Build.0 = Debug|x64
		{C47A463E-DC3D-40EF-A841-1B5EDC598E17}.Release|Any CPU.ActiveCfg = Release|Any CPU
		{C47A463E-DC3D-40EF-A841-1B5EDC598E17}.Release|Any CPU.Build.0 = Release|Any CPU
		{C47A463E-DC3D-40EF-A841-1B5EDC598E17}.Release|x64.ActiveCfg = Release|x64
		{C47A463E-DC3D-40EF-A841-1B5EDC598E17}.Release|x64.Build.0 = Release|x64
		{46EBB654-215A-41C1-823A-15B9B0E396F0}.Debug|Any CPU.ActiveCfg = Debug|Any CPU
		{46EBB654-215A-41C1-823A-15B9B0E396F0}.Debug|Any CPU.Build.0 = Debug|Any CPU
		{46EBB654-215A-41C1-823A-15B9B0E396F0}.Debug|x64.ActiveCfg = Debug|x64
		{46EBB654-215A-41C1-823A-15B9B0E396F0}.Debug|x64.Build.0 = Debug|x64
		{46EBB654-215A-41C1-823A-15B9B0E396F0}.Release|Any CPU.ActiveCfg = Release|Any CPU
		{46EBB654-215A-41C1-823A-15B9B0E396F0}.Release|Any CPU.Build.0 = Release|Any CPU
		{46EBB654-215A-41C1-823A-15B9B0E396F0}.Release|x64.ActiveCfg = Release|x64
		{46EBB654-215A-41C1-823A-15B9B0E396F0}.Release|x64.Build.0 = Release|x64
		{09671A34-8061-4482-B31B-BF547BFC4C2D}.Debug|Any CPU.ActiveCfg = Debug|Any CPU
		{09671A34-8061-4482-B31B-BF547BFC4C2D}.Debug|Any CPU.Build.0 = Debug|Any CPU
		{09671A34-8061-4482-B31B-BF547BFC4C2D}.Debug|x64.ActiveCfg = Debug|x64
		{09671A34-8061-4482-B31B-BF547BFC4C2D}.Debug|x64.Build.0 = Debug|x64
		{09671A34-8061-4482-B31B-BF547BFC4C2D}.Release|Any CPU.ActiveCfg = Release|Any CPU
		{09671A34-8061-4482-B31B-BF547BFC4C2D}.Release|Any CPU.Build.0 = Release|Any CPU
		{09671A34-8061-4482-B31B-BF547BFC4C2D}.Release|x64.ActiveCfg = Release|x64
		{09671A34-8061-4482-B31B-BF547BFC4C2D}.Release|x64.Build.0 = Release|x64
		{00F1BE62-A124-4893-A29C-78BEFA368B4E}.Debug|Any CPU.ActiveCfg = Debug|Any CPU
		{00F1BE62-A124-4893-A29C-78BEFA368B4E}.Debug|Any CPU.Build.0 = Debug|Any CPU
		{00F1BE62-A124-4893-A29C-78BEFA368B4E}.Debug|x64.ActiveCfg = Debug|x64
		{00F1BE62-A124-4893-A29C-78BEFA368B4E}.Debug|x64.Build.0 = Debug|x64
		{00F1BE62-A124-4893-A29C-78BEFA368B4E}.Release|Any CPU.ActiveCfg = Release|Any CPU
		{00F1BE62-A124-4893-A29C-78BEFA368B4E}.Release|Any CPU.Build.0 = Release|Any CPU
		{00F1BE62-A124-4893-A29C-78BEFA368B4E}.Release|x64.ActiveCfg = Release|x64
		{00F1BE62-A124-4893-A29C-78BEFA368B4E}.Release|x64.Build.0 = Release|x64
		{20C6DCEC-A441-46B7-8D6F-F41CC870670D}.Debug|Any CPU.ActiveCfg = Debug|Any CPU
		{20C6DCEC-A441-46B7-8D6F-F41CC870670D}.Debug|Any CPU.Build.0 = Debug|Any CPU
		{20C6DCEC-A441-46B7-8D6F-F41CC870670D}.Debug|x64.ActiveCfg = Debug|x64
		{20C6DCEC-A441-46B7-8D6F-F41CC870670D}.Debug|x64.Build.0 = Debug|x64
		{20C6DCEC-A441-46B7-8D6F-F41CC870670D}.Release|Any CPU.ActiveCfg = Release|Any CPU
		{20C6DCEC-A441-46B7-8D6F-F41CC870670D}.Release|Any CPU.Build.0 = Release|Any CPU
		{20C6DCEC-A441-46B7-8D6F-F41CC870670D}.Release|x64.ActiveCfg = Release|x64
		{20C6DCEC-A441-46B7-8D6F-F41CC870670D}.Release|x64.Build.0 = Release|x64
		{8EAB6D65-797B-4B7C-9752-620D589821DB}.Debug|Any CPU.ActiveCfg = Debug|Any CPU
		{8EAB6D65-797B-4B7C-9752-620D589821DB}.Debug|Any CPU.Build.0 = Debug|Any CPU
		{8EAB6D65-797B-4B7C-9752-620D589821DB}.Debug|x64.ActiveCfg = Debug|x64
		{8EAB6D65-797B-4B7C-9752-620D589821DB}.Debug|x64.Build.0 = Debug|x64
		{8EAB6D65-797B-4B7C-9752-620D589821DB}.Release|Any CPU.ActiveCfg = Release|Any CPU
		{8EAB6D65-797B-4B7C-9752-620D589821DB}.Release|Any CPU.Build.0 = Release|Any CPU
		{8EAB6D65-797B-4B7C-9752-620D589821DB}.Release|x64.ActiveCfg = Release|x64
		{8EAB6D65-797B-4B7C-9752-620D589821DB}.Release|x64.Build.0 = Release|x64
		{136B2A71-300F-481B-AB04-E369E1289282}.Debug|Any CPU.ActiveCfg = Debug|Any CPU
		{136B2A71-300F-481B-AB04-E369E1289282}.Debug|Any CPU.Build.0 = Debug|Any CPU
		{136B2A71-300F-481B-AB04-E369E1289282}.Debug|x64.ActiveCfg = Debug|x64
		{136B2A71-300F-481B-AB04-E369E1289282}.Debug|x64.Build.0 = Debug|x64
		{136B2A71-300F-481B-AB04-E369E1289282}.Release|Any CPU.ActiveCfg = Release|Any CPU
		{136B2A71-300F-481B-AB04-E369E1289282}.Release|Any CPU.Build.0 = Release|Any CPU
		{136B2A71-300F-481B-AB04-E369E1289282}.Release|x64.ActiveCfg = Release|x64
		{136B2A71-300F-481B-AB04-E369E1289282}.Release|x64.Build.0 = Release|x64
		{C54D1C0F-75B6-424F-BFAE-583B0E18FCA4}.Debug|Any CPU.ActiveCfg = Debug|Any CPU
		{C54D1C0F-75B6-424F-BFAE-583B0E18FCA4}.Debug|Any CPU.Build.0 = Debug|Any CPU
		{C54D1C0F-75B6-424F-BFAE-583B0E18FCA4}.Debug|x64.ActiveCfg = Debug|x64
		{C54D1C0F-75B6-424F-BFAE-583B0E18FCA4}.Debug|x64.Build.0 = Debug|x64
		{C54D1C0F-75B6-424F-BFAE-583B0E18FCA4}.Release|Any CPU.ActiveCfg = Release|Any CPU
		{C54D1C0F-75B6-424F-BFAE-583B0E18FCA4}.Release|Any CPU.Build.0 = Release|Any CPU
		{C54D1C0F-75B6-424F-BFAE-583B0E18FCA4}.Release|x64.ActiveCfg = Release|x64
		{C54D1C0F-75B6-424F-BFAE-583B0E18FCA4}.Release|x64.Build.0 = Release|x64
	EndGlobalSection
	GlobalSection(SolutionProperties) = preSolution
		HideSolutionNode = FALSE
	EndGlobalSection
	GlobalSection(NestedProjects) = preSolution
		{4CB65D8A-99BA-4274-B323-9ACCF19606EB} = {94C66F58-A938-45FA-8B23-D264655FD2FE}
		{84085341-8720-44EE-BD78-B5F5C38BC330} = {94C66F58-A938-45FA-8B23-D264655FD2FE}
		{05328E70-9ADD-4790-B61B-3902000301FA} = {792B2CB1-7C34-4DFD-89A3-1E89B994267A}
		{7FD6C25F-D2A1-492D-9067-CC8772E7E4D5} = {792B2CB1-7C34-4DFD-89A3-1E89B994267A}
		{8923CF0C-BE25-4339-9DE0-6EBFF1267A74} = {94C66F58-A938-45FA-8B23-D264655FD2FE}
		{C47A463E-DC3D-40EF-A841-1B5EDC598E17} = {792B2CB1-7C34-4DFD-89A3-1E89B994267A}
		{46EBB654-215A-41C1-823A-15B9B0E396F0} = {94C66F58-A938-45FA-8B23-D264655FD2FE}
		{09671A34-8061-4482-B31B-BF547BFC4C2D} = {94C66F58-A938-45FA-8B23-D264655FD2FE}
		{00F1BE62-A124-4893-A29C-78BEFA368B4E} = {94C66F58-A938-45FA-8B23-D264655FD2FE}
		{20C6DCEC-A441-46B7-8D6F-F41CC870670D} = {792B2CB1-7C34-4DFD-89A3-1E89B994267A}
		{8EAB6D65-797B-4B7C-9752-620D589821DB} = {792B2CB1-7C34-4DFD-89A3-1E89B994267A}
		{136B2A71-300F-481B-AB04-E369E1289282} = {792B2CB1-7C34-4DFD-89A3-1E89B994267A}
		{C54D1C0F-75B6-424F-BFAE-583B0E18FCA4} = {724618DC-773B-4E69-94D1-9283A6501DD0}
	EndGlobalSection
	GlobalSection(ExtensibilityGlobals) = postSolution
		SolutionGuid = {A39DEB0D-5F8B-4923-91DA-F84A1EAFEB84}
	EndGlobalSection
EndGlobal
