
Microsoft Visual Studio Solution File, Format Version 12.00
# Visual Studio 15
VisualStudioVersion = 15.0.27428.2011
MinimumVisualStudioVersion = 10.0.40219.1
Project("{9A19103F-16F7-4668-BE54-9A1E7A4F7556}") = "Core", "src\Core\Core.csproj", "{856B41BF-BFA3-40CC-B90D-4B2098FE3B74}"
EndProject
Project("{9A19103F-16F7-4668-BE54-9A1E7A4F7556}") = "Core.Tests", "test\Core.Tests\Core.Tests.csproj", "{8B606909-594B-4894-A651-7652C45E87B4}"
EndProject
Project("{2150E333-8FDC-42A3-9474-1A3956D46DE8}") = "Solution Items", "Solution Items", "{77924860-8497-453F-BBE0-D35ADCB4FF1A}"
	ProjectSection(SolutionItems) = preProject
		Common.props = Common.props
		LICENSE = LICENSE
		README.md = README.md
	EndProjectSection
EndProject
Global
	GlobalSection(SolutionConfigurationPlatforms) = preSolution
		Debug|Any CPU = Debug|Any CPU
		Release|Any CPU = Release|Any CPU
	EndGlobalSection
	GlobalSection(ProjectConfigurationPlatforms) = postSolution
		{856B41BF-BFA3-40CC-B90D-4B2098FE3B74}.Debug|Any CPU.ActiveCfg = Debug|Any CPU
		{856B41BF-BFA3-40CC-B90D-4B2098FE3B74}.Debug|Any CPU.Build.0 = Debug|Any CPU
		{856B41BF-BFA3-40CC-B90D-4B2098FE3B74}.Release|Any CPU.ActiveCfg = Release|Any CPU
		{856B41BF-BFA3-40CC-B90D-4B2098FE3B74}.Release|Any CPU.Build.0 = Release|Any CPU
		{8B606909-594B-4894-A651-7652C45E87B4}.Debug|Any CPU.ActiveCfg = Debug|Any CPU
		{8B606909-594B-4894-A651-7652C45E87B4}.Debug|Any CPU.Build.0 = Debug|Any CPU
		{8B606909-594B-4894-A651-7652C45E87B4}.Release|Any CPU.ActiveCfg = Release|Any CPU
		{8B606909-594B-4894-A651-7652C45E87B4}.Release|Any CPU.Build.0 = Release|Any CPU
	EndGlobalSection
	GlobalSection(SolutionProperties) = preSolution
		HideSolutionNode = FALSE
	EndGlobalSection
	GlobalSection(ExtensibilityGlobals) = postSolution
		SolutionGuid = {C1DF0A86-F91D-42D9-9CF6-A603A690F7EF}
	EndGlobalSection
EndGlobal
