
Microsoft Visual Studio Solution File, Format Version 12.00
# Visual Studio Version 16
VisualStudioVersion = 16.0.29519.87
MinimumVisualStudioVersion = 15.0.26124.0
Project("{2150E333-8FDC-42A3-9474-1A3956D46DE8}") = "src", "src", "{091B6554-596C-4EEC-B37E-271DB9B5E10A}"
EndProject
Project("{9A19103F-16F7-4668-BE54-9A1E7A4F7556}") = "Aranasoft.Cobweb.EntityFrameworkCore.Validation", "src\entityframeworkcore.validation\Aranasoft.Cobweb.EntityFrameworkCore.Validation.csproj", "{63AE368C-C059-4CF5-A75F-C96F53FE2030}"
EndProject
Project("{2150E333-8FDC-42A3-9474-1A3956D46DE8}") = "test", "test", "{381B9DD8-06CA-42CA-9A5A-69577E25B584}"
EndProject
Project("{9A19103F-16F7-4668-BE54-9A1E7A4F7556}") = "Aranasoft.Cobweb.EntityFrameworkCore.Validation.Tests", "test\entityframeworkcore.validation.tests\Aranasoft.Cobweb.EntityFrameworkCore.Validation.Tests.csproj", "{826678B4-32FC-4DFF-A83D-8A89CC9F3AFA}"
EndProject
Project("{2150E333-8FDC-42A3-9474-1A3956D46DE8}") = "Solution Items", "Solution Items", "{FC4654E2-925D-495D-B36D-106EBEA154A2}"
	ProjectSection(SolutionItems) = preProject
		CHANGELOG.md = CHANGELOG.md
		README.md = README.md
	EndProjectSection
EndProject
Project("{2150E333-8FDC-42A3-9474-1A3956D46DE8}") = "_deps", "_deps", "{6CB010A9-4ADC-4F5B-843C-0490204A9110}"
EndProject
Project("{9A19103F-16F7-4668-BE54-9A1E7A4F7556}") = "Aranasoft.Cobweb.FluentMigrator3.Extensions", "..\fluentmigrator\src\fluentmigrator3.extensions\Aranasoft.Cobweb.FluentMigrator3.Extensions.csproj", "{F743C645-C632-4692-B87E-60FCC9557C20}"
EndProject
Global
	GlobalSection(SolutionConfigurationPlatforms) = preSolution
		Debug|Any CPU = Debug|Any CPU
		Debug|x64 = Debug|x64
		Debug|x86 = Debug|x86
		Release|Any CPU = Release|Any CPU
		Release|x64 = Release|x64
		Release|x86 = Release|x86
	EndGlobalSection
	GlobalSection(ProjectConfigurationPlatforms) = postSolution
		{63AE368C-C059-4CF5-A75F-C96F53FE2030}.Debug|Any CPU.ActiveCfg = Debug|Any CPU
		{63AE368C-C059-4CF5-A75F-C96F53FE2030}.Debug|Any CPU.Build.0 = Debug|Any CPU
		{63AE368C-C059-4CF5-A75F-C96F53FE2030}.Debug|x64.ActiveCfg = Debug|Any CPU
		{63AE368C-C059-4CF5-A75F-C96F53FE2030}.Debug|x64.Build.0 = Debug|Any CPU
		{63AE368C-C059-4CF5-A75F-C96F53FE2030}.Debug|x86.ActiveCfg = Debug|Any CPU
		{63AE368C-C059-4CF5-A75F-C96F53FE2030}.Debug|x86.Build.0 = Debug|Any CPU
		{63AE368C-C059-4CF5-A75F-C96F53FE2030}.Release|Any CPU.ActiveCfg = Release|Any CPU
		{63AE368C-C059-4CF5-A75F-C96F53FE2030}.Release|Any CPU.Build.0 = Release|Any CPU
		{63AE368C-C059-4CF5-A75F-C96F53FE2030}.Release|x64.ActiveCfg = Release|Any CPU
		{63AE368C-C059-4CF5-A75F-C96F53FE2030}.Release|x64.Build.0 = Release|Any CPU
		{63AE368C-C059-4CF5-A75F-C96F53FE2030}.Release|x86.ActiveCfg = Release|Any CPU
		{63AE368C-C059-4CF5-A75F-C96F53FE2030}.Release|x86.Build.0 = Release|Any CPU
		{826678B4-32FC-4DFF-A83D-8A89CC9F3AFA}.Debug|Any CPU.ActiveCfg = Debug|Any CPU
		{826678B4-32FC-4DFF-A83D-8A89CC9F3AFA}.Debug|Any CPU.Build.0 = Debug|Any CPU
		{826678B4-32FC-4DFF-A83D-8A89CC9F3AFA}.Debug|x64.ActiveCfg = Debug|Any CPU
		{826678B4-32FC-4DFF-A83D-8A89CC9F3AFA}.Debug|x64.Build.0 = Debug|Any CPU
		{826678B4-32FC-4DFF-A83D-8A89CC9F3AFA}.Debug|x86.ActiveCfg = Debug|Any CPU
		{826678B4-32FC-4DFF-A83D-8A89CC9F3AFA}.Debug|x86.Build.0 = Debug|Any CPU
		{826678B4-32FC-4DFF-A83D-8A89CC9F3AFA}.Release|Any CPU.ActiveCfg = Release|Any CPU
		{826678B4-32FC-4DFF-A83D-8A89CC9F3AFA}.Release|Any CPU.Build.0 = Release|Any CPU
		{826678B4-32FC-4DFF-A83D-8A89CC9F3AFA}.Release|x64.ActiveCfg = Release|Any CPU
		{826678B4-32FC-4DFF-A83D-8A89CC9F3AFA}.Release|x64.Build.0 = Release|Any CPU
		{826678B4-32FC-4DFF-A83D-8A89CC9F3AFA}.Release|x86.ActiveCfg = Release|Any CPU
		{826678B4-32FC-4DFF-A83D-8A89CC9F3AFA}.Release|x86.Build.0 = Release|Any CPU
		{F743C645-C632-4692-B87E-60FCC9557C20}.Debug|Any CPU.ActiveCfg = Debug|Any CPU
		{F743C645-C632-4692-B87E-60FCC9557C20}.Debug|Any CPU.Build.0 = Debug|Any CPU
		{F743C645-C632-4692-B87E-60FCC9557C20}.Debug|x64.ActiveCfg = Debug|Any CPU
		{F743C645-C632-4692-B87E-60FCC9557C20}.Debug|x64.Build.0 = Debug|Any CPU
		{F743C645-C632-4692-B87E-60FCC9557C20}.Debug|x86.ActiveCfg = Debug|Any CPU
		{F743C645-C632-4692-B87E-60FCC9557C20}.Debug|x86.Build.0 = Debug|Any CPU
		{F743C645-C632-4692-B87E-60FCC9557C20}.Release|Any CPU.ActiveCfg = Release|Any CPU
		{F743C645-C632-4692-B87E-60FCC9557C20}.Release|Any CPU.Build.0 = Release|Any CPU
		{F743C645-C632-4692-B87E-60FCC9557C20}.Release|x64.ActiveCfg = Release|Any CPU
		{F743C645-C632-4692-B87E-60FCC9557C20}.Release|x64.Build.0 = Release|Any CPU
		{F743C645-C632-4692-B87E-60FCC9557C20}.Release|x86.ActiveCfg = Release|Any CPU
		{F743C645-C632-4692-B87E-60FCC9557C20}.Release|x86.Build.0 = Release|Any CPU
	EndGlobalSection
	GlobalSection(SolutionProperties) = preSolution
		HideSolutionNode = FALSE
	EndGlobalSection
	GlobalSection(NestedProjects) = preSolution
		{63AE368C-C059-4CF5-A75F-C96F53FE2030} = {091B6554-596C-4EEC-B37E-271DB9B5E10A}
		{826678B4-32FC-4DFF-A83D-8A89CC9F3AFA} = {381B9DD8-06CA-42CA-9A5A-69577E25B584}
		{F743C645-C632-4692-B87E-60FCC9557C20} = {6CB010A9-4ADC-4F5B-843C-0490204A9110}
	EndGlobalSection
	GlobalSection(ExtensibilityGlobals) = postSolution
		SolutionGuid = {77E1A84A-D7A1-4FAE-90E7-2D5C1912349A}
	EndGlobalSection
EndGlobal
