
Microsoft Visual Studio Solution File, Format Version 12.00
# Visual Studio Version 17
VisualStudioVersion = 17.0.32112.339
MinimumVisualStudioVersion = 15.0.26124.0
Project("{2150E333-8FDC-42A3-9474-1A3956D46DE8}") = "src", "src", "{091B6554-596C-4EEC-B37E-271DB9B5E10A}"
EndProject
Project("{2150E333-8FDC-42A3-9474-1A3956D46DE8}") = "test", "test", "{381B9DD8-06CA-42CA-9A5A-69577E25B584}"
EndProject
Project("{2150E333-8FDC-42A3-9474-1A3956D46DE8}") = "Solution Items", "Solution Items", "{FC4654E2-925D-495D-B36D-106EBEA154A2}"
	ProjectSection(SolutionItems) = preProject
		CHANGELOG.md = CHANGELOG.md
		Directory.Build.props = Directory.Build.props
		README.md = README.md
		InstallLocalDB.ps1 = InstallLocalDB.ps1
		.pipelines/build.yml = .pipelines/build.yml
		../../.github/workflows/ci-efcore.yml = ../../.github/workflows/ci-efcore.yml
	EndProjectSection
EndProject
Project("{FAE04EC0-301F-11D3-BF4B-00C04F79EFBC}") = "Aranasoft.Cobweb.EntityFrameworkCore8.Validation", "src\entityframeworkcore8.validation\Aranasoft.Cobweb.EntityFrameworkCore8.Validation.csproj", "{86DDB8AF-8EDA-46A5-9EC9-F844A45D4604}"
EndProject
Project("{FAE04EC0-301F-11D3-BF4B-00C04F79EFBC}") = "Aranasoft.Cobweb.EntityFrameworkCore8.Validation.Tests", "test\entityframeworkcore8.validation.tests\Aranasoft.Cobweb.EntityFrameworkCore8.Validation.Tests.csproj", "{350E6C6F-D22E-4570-A2EA-3C969B97CF52}"
EndProject
Project("{FAE04EC0-301F-11D3-BF4B-00C04F79EFBC}") = "Aranasoft.Cobweb.EntityFrameworkCore9.Validation", "src\entityframeworkcore9.validation\Aranasoft.Cobweb.EntityFrameworkCore9.Validation.csproj", "{4A236739-8699-4770-988A-66165F962697}"
EndProject
Project("{FAE04EC0-301F-11D3-BF4B-00C04F79EFBC}") = "Aranasoft.Cobweb.EntityFrameworkCore9.Validation.Tests", "test\entityframeworkcore9.validation.tests\Aranasoft.Cobweb.EntityFrameworkCore9.Validation.Tests.csproj", "{985B1C49-60E1-40C6-B233-54354BABDA6E}"
EndProject
Project("{FAE04EC0-301F-11D3-BF4B-00C04F79EFBC}") = "Aranasoft.Cobweb.EntityFrameworkCore10.Validation", "src\entityframeworkcore10.validation\Aranasoft.Cobweb.EntityFrameworkCore10.Validation.csproj", "{3F27E507-223F-4BB5-99CC-1E0F1AF86922}"
EndProject
Project("{FAE04EC0-301F-11D3-BF4B-00C04F79EFBC}") = "Aranasoft.Cobweb.EntityFrameworkCore10.Validation.Tests", "test\entityframeworkcore10.validation.tests\Aranasoft.Cobweb.EntityFrameworkCore10.Validation.Tests.csproj", "{B58B15F6-0333-414B-9810-6CA198357F1D}"
EndProject
Global
	GlobalSection(SolutionConfigurationPlatforms) = preSolution
		Debug|Any CPU = Debug|Any CPU
		Debug|x64 = Debug|x64
		Release|Any CPU = Release|Any CPU
		Release|x64 = Release|x64
	EndGlobalSection
	GlobalSection(ProjectConfigurationPlatforms) = postSolution
		{86DDB8AF-8EDA-46A5-9EC9-F844A45D4604}.Debug|Any CPU.ActiveCfg = Debug|Any CPU
		{86DDB8AF-8EDA-46A5-9EC9-F844A45D4604}.Debug|Any CPU.Build.0 = Debug|Any CPU
		{86DDB8AF-8EDA-46A5-9EC9-F844A45D4604}.Debug|x64.ActiveCfg = Debug|x64
		{86DDB8AF-8EDA-46A5-9EC9-F844A45D4604}.Debug|x64.Build.0 = Debug|x64
		{86DDB8AF-8EDA-46A5-9EC9-F844A45D4604}.Release|Any CPU.ActiveCfg = Release|Any CPU
		{86DDB8AF-8EDA-46A5-9EC9-F844A45D4604}.Release|Any CPU.Build.0 = Release|Any CPU
		{86DDB8AF-8EDA-46A5-9EC9-F844A45D4604}.Release|x64.ActiveCfg = Release|x64
		{86DDB8AF-8EDA-46A5-9EC9-F844A45D4604}.Release|x64.Build.0 = Release|x64
		{350E6C6F-D22E-4570-A2EA-3C969B97CF52}.Debug|Any CPU.ActiveCfg = Debug|Any CPU
		{350E6C6F-D22E-4570-A2EA-3C969B97CF52}.Debug|Any CPU.Build.0 = Debug|Any CPU
		{350E6C6F-D22E-4570-A2EA-3C969B97CF52}.Debug|x64.ActiveCfg = Debug|x64
		{350E6C6F-D22E-4570-A2EA-3C969B97CF52}.Debug|x64.Build.0 = Debug|x64
		{350E6C6F-D22E-4570-A2EA-3C969B97CF52}.Release|Any CPU.ActiveCfg = Release|Any CPU
		{350E6C6F-D22E-4570-A2EA-3C969B97CF52}.Release|Any CPU.Build.0 = Release|Any CPU
		{350E6C6F-D22E-4570-A2EA-3C969B97CF52}.Release|x64.ActiveCfg = Release|x64
		{350E6C6F-D22E-4570-A2EA-3C969B97CF52}.Release|x64.Build.0 = Release|x64
		{4A236739-8699-4770-988A-66165F962697}.Debug|Any CPU.ActiveCfg = Debug|Any CPU
		{4A236739-8699-4770-988A-66165F962697}.Debug|Any CPU.Build.0 = Debug|Any CPU
		{4A236739-8699-4770-988A-66165F962697}.Debug|x64.ActiveCfg = Debug|x64
		{4A236739-8699-4770-988A-66165F962697}.Debug|x64.Build.0 = Debug|x64
		{4A236739-8699-4770-988A-66165F962697}.Release|Any CPU.ActiveCfg = Release|Any CPU
		{4A236739-8699-4770-988A-66165F962697}.Release|Any CPU.Build.0 = Release|Any CPU
		{4A236739-8699-4770-988A-66165F962697}.Release|x64.ActiveCfg = Release|x64
		{4A236739-8699-4770-988A-66165F962697}.Release|x64.Build.0 = Release|x64
		{985B1C49-60E1-40C6-B233-54354BABDA6E}.Debug|Any CPU.ActiveCfg = Debug|Any CPU
		{985B1C49-60E1-40C6-B233-54354BABDA6E}.Debug|Any CPU.Build.0 = Debug|Any CPU
		{985B1C49-60E1-40C6-B233-54354BABDA6E}.Debug|x64.ActiveCfg = Debug|x64
		{985B1C49-60E1-40C6-B233-54354BABDA6E}.Debug|x64.Build.0 = Debug|x64
		{985B1C49-60E1-40C6-B233-54354BABDA6E}.Release|Any CPU.ActiveCfg = Release|Any CPU
		{985B1C49-60E1-40C6-B233-54354BABDA6E}.Release|Any CPU.Build.0 = Release|Any CPU
		{985B1C49-60E1-40C6-B233-54354BABDA6E}.Release|x64.ActiveCfg = Release|x64
		{985B1C49-60E1-40C6-B233-54354BABDA6E}.Release|x64.Build.0 = Release|x64
		{3F27E507-223F-4BB5-99CC-1E0F1AF86922}.Debug|Any CPU.ActiveCfg = Debug|Any CPU
		{3F27E507-223F-4BB5-99CC-1E0F1AF86922}.Debug|Any CPU.Build.0 = Debug|Any CPU
		{3F27E507-223F-4BB5-99CC-1E0F1AF86922}.Debug|x64.ActiveCfg = Debug|x64
		{3F27E507-223F-4BB5-99CC-1E0F1AF86922}.Debug|x64.Build.0 = Debug|x64
		{3F27E507-223F-4BB5-99CC-1E0F1AF86922}.Release|Any CPU.ActiveCfg = Release|Any CPU
		{3F27E507-223F-4BB5-99CC-1E0F1AF86922}.Release|Any CPU.Build.0 = Release|Any CPU
		{3F27E507-223F-4BB5-99CC-1E0F1AF86922}.Release|x64.ActiveCfg = Release|x64
		{3F27E507-223F-4BB5-99CC-1E0F1AF86922}.Release|x64.Build.0 = Release|x64
		{B58B15F6-0333-414B-9810-6CA198357F1D}.Debug|Any CPU.ActiveCfg = Debug|Any CPU
		{B58B15F6-0333-414B-9810-6CA198357F1D}.Debug|Any CPU.Build.0 = Debug|Any CPU
		{B58B15F6-0333-414B-9810-6CA198357F1D}.Debug|x64.ActiveCfg = Debug|x64
		{B58B15F6-0333-414B-9810-6CA198357F1D}.Debug|x64.Build.0 = Debug|x64
		{B58B15F6-0333-414B-9810-6CA198357F1D}.Release|Any CPU.ActiveCfg = Release|Any CPU
		{B58B15F6-0333-414B-9810-6CA198357F1D}.Release|Any CPU.Build.0 = Release|Any CPU
		{B58B15F6-0333-414B-9810-6CA198357F1D}.Release|x64.ActiveCfg = Release|x64
		{B58B15F6-0333-414B-9810-6CA198357F1D}.Release|x64.Build.0 = Release|x64
	EndGlobalSection
	GlobalSection(SolutionProperties) = preSolution
		HideSolutionNode = FALSE
	EndGlobalSection
	GlobalSection(NestedProjects) = preSolution
		{86DDB8AF-8EDA-46A5-9EC9-F844A45D4604} = {091B6554-596C-4EEC-B37E-271DB9B5E10A}
		{350E6C6F-D22E-4570-A2EA-3C969B97CF52} = {381B9DD8-06CA-42CA-9A5A-69577E25B584}
		{4A236739-8699-4770-988A-66165F962697} = {091B6554-596C-4EEC-B37E-271DB9B5E10A}
		{985B1C49-60E1-40C6-B233-54354BABDA6E} = {381B9DD8-06CA-42CA-9A5A-69577E25B584}
		{3F27E507-223F-4BB5-99CC-1E0F1AF86922} = {091B6554-596C-4EEC-B37E-271DB9B5E10A}
		{B58B15F6-0333-414B-9810-6CA198357F1D} = {381B9DD8-06CA-42CA-9A5A-69577E25B584}
	EndGlobalSection
	GlobalSection(ExtensibilityGlobals) = postSolution
		SolutionGuid = {77E1A84A-D7A1-4FAE-90E7-2D5C1912349A}
	EndGlobalSection
EndGlobal
