
Microsoft Visual Studio Solution File, Format Version 12.00
# Visual Studio 15
VisualStudioVersion = 15.0.27428.2011
MinimumVisualStudioVersion = 10.0.40219.1
Project("{FAE04EC0-301F-11D3-BF4B-00C04F79EFBC}") = "Testing.WebApi", "src\Testing.WebApi\Testing.WebApi.csproj", "{A2ABD674-0A22-4073-9365-CA5E54EA09B9}"
EndProject
Project("{FAE04EC0-301F-11D3-BF4B-00C04F79EFBC}") = "Testing.WebApi2", "src\Testing.WebApi2\Testing.WebApi2.csproj", "{4D715236-A6B5-41E0-8BAC-588D869CA45D}"
EndProject
Project("{FAE04EC0-301F-11D3-BF4B-00C04F79EFBC}") = "Testing.WebApi2-1", "src\Testing.WebApi2-1\Testing.WebApi2-1.csproj", "{F802A590-B56D-4E46-96B9-60FCFB8DF833}"
EndProject
Project("{FAE04EC0-301F-11D3-BF4B-00C04F79EFBC}") = "Testing.WebApi2-2", "src\Testing.WebApi2-2\Testing.WebApi2-2.csproj", "{476E6EF2-DB17-4C0D-A8DF-0DE018ED5F03}"
EndProject
Project("{FAE04EC0-301F-11D3-BF4B-00C04F79EFBC}") = "Testing.WebApi.Tests", "test\Testing.WebApi.Tests\Testing.WebApi.Tests.csproj", "{A9915D3D-A7B8-42EC-A573-7F9F6938EF92}"
EndProject
Project("{FAE04EC0-301F-11D3-BF4B-00C04F79EFBC}") = "Testing.WebApi2.Tests", "test\Testing.WebApi2.Tests\Testing.WebApi2.Tests.csproj", "{C7DD4067-C9BD-4E3B-A81B-54DDBC504FA6}"
EndProject
Project("{FAE04EC0-301F-11D3-BF4B-00C04F79EFBC}") = "Testing.WebApi2-1.Tests", "test\Testing.WebApi2-1.Tests\Testing.WebApi2-1.Tests.csproj", "{6110C4D6-17CE-4A2B-95AC-F1CD3223E347}"
EndProject
Project("{FAE04EC0-301F-11D3-BF4B-00C04F79EFBC}") = "Testing.WebApi2-2.Tests", "test\Testing.WebApi2-2.Tests\Testing.WebApi2-2.Tests.csproj", "{A7C1F23A-31A1-42F0-B595-E049BB1DFF5B}"
EndProject
Project("{2150E333-8FDC-42A3-9474-1A3956D46DE8}") = "Solution Items", "Solution Items", "{72383741-C0C2-46D9-94B0-81D87EC37854}"
	ProjectSection(SolutionItems) = preProject
		LICENSE = LICENSE
		README.md = README.md
	EndProjectSection
EndProject
Global
	GlobalSection(SolutionConfigurationPlatforms) = preSolution
		Debug|Any CPU = Debug|Any CPU
		Release|Any CPU = Release|Any CPU
	EndGlobalSection
	GlobalSection(ProjectConfigurationPlatforms) = postSolution
		{A2ABD674-0A22-4073-9365-CA5E54EA09B9}.Debug|Any CPU.ActiveCfg = Debug|Any CPU
		{A2ABD674-0A22-4073-9365-CA5E54EA09B9}.Debug|Any CPU.Build.0 = Debug|Any CPU
		{A2ABD674-0A22-4073-9365-CA5E54EA09B9}.Release|Any CPU.ActiveCfg = Release|Any CPU
		{A2ABD674-0A22-4073-9365-CA5E54EA09B9}.Release|Any CPU.Build.0 = Release|Any CPU
		{4D715236-A6B5-41E0-8BAC-588D869CA45D}.Debug|Any CPU.ActiveCfg = Debug|Any CPU
		{4D715236-A6B5-41E0-8BAC-588D869CA45D}.Debug|Any CPU.Build.0 = Debug|Any CPU
		{4D715236-A6B5-41E0-8BAC-588D869CA45D}.Release|Any CPU.ActiveCfg = Release|Any CPU
		{4D715236-A6B5-41E0-8BAC-588D869CA45D}.Release|Any CPU.Build.0 = Release|Any CPU
		{F802A590-B56D-4E46-96B9-60FCFB8DF833}.Debug|Any CPU.ActiveCfg = Debug|Any CPU
		{F802A590-B56D-4E46-96B9-60FCFB8DF833}.Debug|Any CPU.Build.0 = Debug|Any CPU
		{F802A590-B56D-4E46-96B9-60FCFB8DF833}.Release|Any CPU.ActiveCfg = Release|Any CPU
		{F802A590-B56D-4E46-96B9-60FCFB8DF833}.Release|Any CPU.Build.0 = Release|Any CPU
		{476E6EF2-DB17-4C0D-A8DF-0DE018ED5F03}.Debug|Any CPU.ActiveCfg = Debug|Any CPU
		{476E6EF2-DB17-4C0D-A8DF-0DE018ED5F03}.Debug|Any CPU.Build.0 = Debug|Any CPU
		{476E6EF2-DB17-4C0D-A8DF-0DE018ED5F03}.Release|Any CPU.ActiveCfg = Release|Any CPU
		{476E6EF2-DB17-4C0D-A8DF-0DE018ED5F03}.Release|Any CPU.Build.0 = Release|Any CPU
		{A9915D3D-A7B8-42EC-A573-7F9F6938EF92}.Debug|Any CPU.ActiveCfg = Debug|Any CPU
		{A9915D3D-A7B8-42EC-A573-7F9F6938EF92}.Debug|Any CPU.Build.0 = Debug|Any CPU
		{A9915D3D-A7B8-42EC-A573-7F9F6938EF92}.Release|Any CPU.ActiveCfg = Release|Any CPU
		{A9915D3D-A7B8-42EC-A573-7F9F6938EF92}.Release|Any CPU.Build.0 = Release|Any CPU
		{C7DD4067-C9BD-4E3B-A81B-54DDBC504FA6}.Debug|Any CPU.ActiveCfg = Debug|Any CPU
		{C7DD4067-C9BD-4E3B-A81B-54DDBC504FA6}.Debug|Any CPU.Build.0 = Debug|Any CPU
		{C7DD4067-C9BD-4E3B-A81B-54DDBC504FA6}.Release|Any CPU.ActiveCfg = Release|Any CPU
		{C7DD4067-C9BD-4E3B-A81B-54DDBC504FA6}.Release|Any CPU.Build.0 = Release|Any CPU
		{6110C4D6-17CE-4A2B-95AC-F1CD3223E347}.Debug|Any CPU.ActiveCfg = Debug|Any CPU
		{6110C4D6-17CE-4A2B-95AC-F1CD3223E347}.Debug|Any CPU.Build.0 = Debug|Any CPU
		{6110C4D6-17CE-4A2B-95AC-F1CD3223E347}.Release|Any CPU.ActiveCfg = Release|Any CPU
		{6110C4D6-17CE-4A2B-95AC-F1CD3223E347}.Release|Any CPU.Build.0 = Release|Any CPU
		{A7C1F23A-31A1-42F0-B595-E049BB1DFF5B}.Debug|Any CPU.ActiveCfg = Debug|Any CPU
		{A7C1F23A-31A1-42F0-B595-E049BB1DFF5B}.Debug|Any CPU.Build.0 = Debug|Any CPU
		{A7C1F23A-31A1-42F0-B595-E049BB1DFF5B}.Release|Any CPU.ActiveCfg = Release|Any CPU
		{A7C1F23A-31A1-42F0-B595-E049BB1DFF5B}.Release|Any CPU.Build.0 = Release|Any CPU
	EndGlobalSection
	GlobalSection(SolutionProperties) = preSolution
		HideSolutionNode = FALSE
	EndGlobalSection
	GlobalSection(ExtensibilityGlobals) = postSolution
		SolutionGuid = {A8294D50-2121-47F5-A456-34BEA2E2284D}
	EndGlobalSection
EndGlobal
