
Microsoft Visual Studio Solution File, Format Version 12.00
# Visual Studio Version 16
VisualStudioVersion = 16.0.29519.87
MinimumVisualStudioVersion = 10.0.40219.1
Project("{FAE04EC0-301F-11D3-BF4B-00C04F79EFBC}") = "Aranasoft.Cobweb.Mvc4", "src\mvc4\Aranasoft.Cobweb.Mvc4.csproj", "{CC6E0089-2D42-4A18-9525-3EDF09560E27}"
EndProject
Project("{FAE04EC0-301F-11D3-BF4B-00C04F79EFBC}") = "Aranasoft.Cobweb.Mvc5", "src\mvc5\Aranasoft.Cobweb.Mvc5.csproj", "{6D4EDE58-0A9F-47C6-BEB4-AA738DEA5137}"
EndProject
Project("{FAE04EC0-301F-11D3-BF4B-00C04F79EFBC}") = "Aranasoft.Cobweb.Mvc5-1", "src\mvc5-1\Aranasoft.Cobweb.Mvc5-1.csproj", "{8C412F85-067E-4E0A-B114-EF780BC98D5F}"
EndProject
Project("{FAE04EC0-301F-11D3-BF4B-00C04F79EFBC}") = "Aranasoft.Cobweb.Mvc5-2", "src\mvc5-2\Aranasoft.Cobweb.Mvc5-2.csproj", "{AC2CD4B8-B2CC-490B-A9DB-BA4FCA0897DB}"
EndProject
Project("{2150E333-8FDC-42A3-9474-1A3956D46DE8}") = "Solution Items", "Solution Items", "{DEBA6B0B-6B01-4F51-B7C2-5D61458BF078}"
	ProjectSection(SolutionItems) = preProject
		LICENSE = LICENSE
		README.md = README.md
	EndProjectSection
EndProject
Project("{FAE04EC0-301F-11D3-BF4B-00C04F79EFBC}") = "Aranasoft.Cobweb.Mvc4.Validation", "src\mvc4.validation\Aranasoft.Cobweb.Mvc4.Validation.csproj", "{1011D6D8-E59D-452A-B95D-0A633243D998}"
EndProject
Project("{FAE04EC0-301F-11D3-BF4B-00C04F79EFBC}") = "Aranasoft.Cobweb.Mvc5.Validation", "src\mvc5.validation\Aranasoft.Cobweb.Mvc5.Validation.csproj", "{1468489C-1088-4631-A6C5-DFCE6110637A}"
EndProject
Project("{FAE04EC0-301F-11D3-BF4B-00C04F79EFBC}") = "Aranasoft.Cobweb.Mvc5-1.Validation", "src\mvc5-1.validation\Aranasoft.Cobweb.Mvc5-1.Validation.csproj", "{1CEDD2A2-AE11-4904-992F-480FBCD2A93A}"
EndProject
Project("{FAE04EC0-301F-11D3-BF4B-00C04F79EFBC}") = "Aranasoft.Cobweb.Mvc5-2.Validation", "src\mvc5-2.validation\Aranasoft.Cobweb.Mvc5-2.Validation.csproj", "{7EF3F4BE-80C6-4E81-8571-E7435BCC3233}"
EndProject
Project("{FAE04EC0-301F-11D3-BF4B-00C04F79EFBC}") = "Aranasoft.Cobweb.WebApi", "src\webapi\Aranasoft.Cobweb.WebApi.csproj", "{A21D94D3-0AB1-4932-88D6-8EC247B11F8F}"
EndProject
Project("{FAE04EC0-301F-11D3-BF4B-00C04F79EFBC}") = "Aranasoft.Cobweb.WebApi2", "src\webapi2\Aranasoft.Cobweb.WebApi2.csproj", "{A24D1C52-5F65-43F4-8B9E-AEFCF67DB431}"
EndProject
Project("{FAE04EC0-301F-11D3-BF4B-00C04F79EFBC}") = "Aranasoft.Cobweb.WebApi2-1", "src\webapi2-1\Aranasoft.Cobweb.WebApi2-1.csproj", "{931C567D-D336-4540-82DF-A12FAC6E37CF}"
EndProject
Project("{FAE04EC0-301F-11D3-BF4B-00C04F79EFBC}") = "Aranasoft.Cobweb.WebApi2-2", "src\webapi2-2\Aranasoft.Cobweb.WebApi2-2.csproj", "{64254424-72A4-4855-A3BC-563473F6C4A7}"
EndProject
Project("{FAE04EC0-301F-11D3-BF4B-00C04F79EFBC}") = "Aranasoft.Cobweb.WebApi.Validation", "src\webapi.validation\Aranasoft.Cobweb.WebApi.Validation.csproj", "{A2ABD674-0A22-4073-9365-CA5E54EA09B9}"
EndProject
Project("{FAE04EC0-301F-11D3-BF4B-00C04F79EFBC}") = "Aranasoft.Cobweb.WebApi2.Validation", "src\webapi2.validation\Aranasoft.Cobweb.WebApi2.Validation.csproj", "{4D715236-A6B5-41E0-8BAC-588D869CA45D}"
EndProject
Project("{FAE04EC0-301F-11D3-BF4B-00C04F79EFBC}") = "Aranasoft.Cobweb.WebApi2-1.Validation", "src\webapi2-1.validation\Aranasoft.Cobweb.WebApi2-1.Validation.csproj", "{F802A590-B56D-4E46-96B9-60FCFB8DF833}"
EndProject
Project("{FAE04EC0-301F-11D3-BF4B-00C04F79EFBC}") = "Aranasoft.Cobweb.WebApi2-2.Validation", "src\webapi2-2.validation\Aranasoft.Cobweb.WebApi2-2.Validation.csproj", "{476E6EF2-DB17-4C0D-A8DF-0DE018ED5F03}"
EndProject
Project("{2150E333-8FDC-42A3-9474-1A3956D46DE8}") = "src", "src", "{C124812C-62E3-46A4-9A69-7ACD84485936}"
EndProject
Project("{2150E333-8FDC-42A3-9474-1A3956D46DE8}") = "test", "test", "{7F94381C-F69F-4662-A4BE-3E19087E5B85}"
EndProject
Project("{FAE04EC0-301F-11D3-BF4B-00C04F79EFBC}") = "Aranasoft.Cobweb.Mvc4.validation.Tests", "test\mvc4.validation.tests\Aranasoft.Cobweb.Mvc4.Validation.Tests.csproj", "{170479CE-B218-4081-974B-FC8396699F84}"
EndProject
Project("{FAE04EC0-301F-11D3-BF4B-00C04F79EFBC}") = "Aranasoft.Cobweb.Mvc5.validation.Tests", "test\mvc5.validation.tests\Aranasoft.Cobweb.Mvc5.Validation.Tests.csproj", "{28FF68F9-36D9-40F3-80D2-6F179932782D}"
EndProject
Project("{FAE04EC0-301F-11D3-BF4B-00C04F79EFBC}") = "Aranasoft.Cobweb.Mvc5-1.validation.Tests", "test\mvc5-1.validation.tests\Aranasoft.Cobweb.Mvc5-1.Validation.Tests.csproj", "{FE2AB164-9C23-474D-9C98-7BAD93A1516D}"
EndProject
Project("{FAE04EC0-301F-11D3-BF4B-00C04F79EFBC}") = "Aranasoft.Cobweb.Mvc5-2.validation.Tests", "test\mvc5-2.validation.tests\Aranasoft.Cobweb.Mvc5-2.Validation.Tests.csproj", "{3CCD2CA9-761E-430E-9ED0-47B0CB5084D0}"
EndProject
Project("{FAE04EC0-301F-11D3-BF4B-00C04F79EFBC}") = "Aranasoft.Cobweb.WebApi.validation.Tests", "test\webapi.validation.tests\Aranasoft.Cobweb.WebApi.Validation.Tests.csproj", "{A9915D3D-A7B8-42EC-A573-7F9F6938EF92}"
EndProject
Project("{FAE04EC0-301F-11D3-BF4B-00C04F79EFBC}") = "Aranasoft.Cobweb.WebApi2.validation.Tests", "test\webapi2.validation.tests\Aranasoft.Cobweb.WebApi2.Validation.Tests.csproj", "{C7DD4067-C9BD-4E3B-A81B-54DDBC504FA6}"
EndProject
Project("{FAE04EC0-301F-11D3-BF4B-00C04F79EFBC}") = "Aranasoft.Cobweb.WebApi2-1.validation.Tests", "test\webapi2-1.validation.tests\Aranasoft.Cobweb.WebApi2-1.Validation.Tests.csproj", "{6110C4D6-17CE-4A2B-95AC-F1CD3223E347}"
EndProject
Project("{FAE04EC0-301F-11D3-BF4B-00C04F79EFBC}") = "Aranasoft.Cobweb.WebApi2-2.validation.Tests", "test\webapi2-2.validation.tests\Aranasoft.Cobweb.WebApi2-2.Validation.Tests.csproj", "{A7C1F23A-31A1-42F0-B595-E049BB1DFF5B}"
EndProject
Global
	GlobalSection(SolutionConfigurationPlatforms) = preSolution
		Debug|Any CPU = Debug|Any CPU
		Release|Any CPU = Release|Any CPU
	EndGlobalSection
	GlobalSection(ProjectConfigurationPlatforms) = postSolution
		{CC6E0089-2D42-4A18-9525-3EDF09560E27}.Debug|Any CPU.ActiveCfg = Debug|Any CPU
		{CC6E0089-2D42-4A18-9525-3EDF09560E27}.Debug|Any CPU.Build.0 = Debug|Any CPU
		{CC6E0089-2D42-4A18-9525-3EDF09560E27}.Release|Any CPU.ActiveCfg = Release|Any CPU
		{CC6E0089-2D42-4A18-9525-3EDF09560E27}.Release|Any CPU.Build.0 = Release|Any CPU
		{6D4EDE58-0A9F-47C6-BEB4-AA738DEA5137}.Debug|Any CPU.ActiveCfg = Debug|Any CPU
		{6D4EDE58-0A9F-47C6-BEB4-AA738DEA5137}.Debug|Any CPU.Build.0 = Debug|Any CPU
		{6D4EDE58-0A9F-47C6-BEB4-AA738DEA5137}.Release|Any CPU.ActiveCfg = Release|Any CPU
		{6D4EDE58-0A9F-47C6-BEB4-AA738DEA5137}.Release|Any CPU.Build.0 = Release|Any CPU
		{8C412F85-067E-4E0A-B114-EF780BC98D5F}.Debug|Any CPU.ActiveCfg = Debug|Any CPU
		{8C412F85-067E-4E0A-B114-EF780BC98D5F}.Debug|Any CPU.Build.0 = Debug|Any CPU
		{8C412F85-067E-4E0A-B114-EF780BC98D5F}.Release|Any CPU.ActiveCfg = Release|Any CPU
		{8C412F85-067E-4E0A-B114-EF780BC98D5F}.Release|Any CPU.Build.0 = Release|Any CPU
		{AC2CD4B8-B2CC-490B-A9DB-BA4FCA0897DB}.Debug|Any CPU.ActiveCfg = Debug|Any CPU
		{AC2CD4B8-B2CC-490B-A9DB-BA4FCA0897DB}.Debug|Any CPU.Build.0 = Debug|Any CPU
		{AC2CD4B8-B2CC-490B-A9DB-BA4FCA0897DB}.Release|Any CPU.ActiveCfg = Release|Any CPU
		{AC2CD4B8-B2CC-490B-A9DB-BA4FCA0897DB}.Release|Any CPU.Build.0 = Release|Any CPU
		{1011D6D8-E59D-452A-B95D-0A633243D998}.Debug|Any CPU.ActiveCfg = Debug|Any CPU
		{1011D6D8-E59D-452A-B95D-0A633243D998}.Debug|Any CPU.Build.0 = Debug|Any CPU
		{1011D6D8-E59D-452A-B95D-0A633243D998}.Release|Any CPU.ActiveCfg = Release|Any CPU
		{1011D6D8-E59D-452A-B95D-0A633243D998}.Release|Any CPU.Build.0 = Release|Any CPU
		{1468489C-1088-4631-A6C5-DFCE6110637A}.Debug|Any CPU.ActiveCfg = Debug|Any CPU
		{1468489C-1088-4631-A6C5-DFCE6110637A}.Debug|Any CPU.Build.0 = Debug|Any CPU
		{1468489C-1088-4631-A6C5-DFCE6110637A}.Release|Any CPU.ActiveCfg = Release|Any CPU
		{1468489C-1088-4631-A6C5-DFCE6110637A}.Release|Any CPU.Build.0 = Release|Any CPU
		{1CEDD2A2-AE11-4904-992F-480FBCD2A93A}.Debug|Any CPU.ActiveCfg = Debug|Any CPU
		{1CEDD2A2-AE11-4904-992F-480FBCD2A93A}.Debug|Any CPU.Build.0 = Debug|Any CPU
		{1CEDD2A2-AE11-4904-992F-480FBCD2A93A}.Release|Any CPU.ActiveCfg = Release|Any CPU
		{1CEDD2A2-AE11-4904-992F-480FBCD2A93A}.Release|Any CPU.Build.0 = Release|Any CPU
		{7EF3F4BE-80C6-4E81-8571-E7435BCC3233}.Debug|Any CPU.ActiveCfg = Debug|Any CPU
		{7EF3F4BE-80C6-4E81-8571-E7435BCC3233}.Debug|Any CPU.Build.0 = Debug|Any CPU
		{7EF3F4BE-80C6-4E81-8571-E7435BCC3233}.Release|Any CPU.ActiveCfg = Release|Any CPU
		{7EF3F4BE-80C6-4E81-8571-E7435BCC3233}.Release|Any CPU.Build.0 = Release|Any CPU
		{A21D94D3-0AB1-4932-88D6-8EC247B11F8F}.Debug|Any CPU.ActiveCfg = Debug|Any CPU
		{A21D94D3-0AB1-4932-88D6-8EC247B11F8F}.Debug|Any CPU.Build.0 = Debug|Any CPU
		{A21D94D3-0AB1-4932-88D6-8EC247B11F8F}.Release|Any CPU.ActiveCfg = Release|Any CPU
		{A21D94D3-0AB1-4932-88D6-8EC247B11F8F}.Release|Any CPU.Build.0 = Release|Any CPU
		{A24D1C52-5F65-43F4-8B9E-AEFCF67DB431}.Debug|Any CPU.ActiveCfg = Debug|Any CPU
		{A24D1C52-5F65-43F4-8B9E-AEFCF67DB431}.Debug|Any CPU.Build.0 = Debug|Any CPU
		{A24D1C52-5F65-43F4-8B9E-AEFCF67DB431}.Release|Any CPU.ActiveCfg = Release|Any CPU
		{A24D1C52-5F65-43F4-8B9E-AEFCF67DB431}.Release|Any CPU.Build.0 = Release|Any CPU
		{931C567D-D336-4540-82DF-A12FAC6E37CF}.Debug|Any CPU.ActiveCfg = Debug|Any CPU
		{931C567D-D336-4540-82DF-A12FAC6E37CF}.Debug|Any CPU.Build.0 = Debug|Any CPU
		{931C567D-D336-4540-82DF-A12FAC6E37CF}.Release|Any CPU.ActiveCfg = Release|Any CPU
		{931C567D-D336-4540-82DF-A12FAC6E37CF}.Release|Any CPU.Build.0 = Release|Any CPU
		{64254424-72A4-4855-A3BC-563473F6C4A7}.Debug|Any CPU.ActiveCfg = Debug|Any CPU
		{64254424-72A4-4855-A3BC-563473F6C4A7}.Debug|Any CPU.Build.0 = Debug|Any CPU
		{64254424-72A4-4855-A3BC-563473F6C4A7}.Release|Any CPU.ActiveCfg = Release|Any CPU
		{64254424-72A4-4855-A3BC-563473F6C4A7}.Release|Any CPU.Build.0 = Release|Any CPU
		{A2ABD674-0A22-4073-9365-CA5E54EA09B9}.Debug|Any CPU.ActiveCfg = Debug|Any CPU
		{A2ABD674-0A22-4073-9365-CA5E54EA09B9}.Debug|Any CPU.Build.0 = Debug|Any CPU
		{A2ABD674-0A22-4073-9365-CA5E54EA09B9}.Release|Any CPU.ActiveCfg = Release|Any CPU
		{A2ABD674-0A22-4073-9365-CA5E54EA09B9}.Release|Any CPU.Build.0 = Release|Any CPU
		{4D715236-A6B5-41E0-8BAC-588D869CA45D}.Debug|Any CPU.ActiveCfg = Debug|Any CPU
		{4D715236-A6B5-41E0-8BAC-588D869CA45D}.Debug|Any CPU.Build.0 = Debug|Any CPU
		{4D715236-A6B5-41E0-8BAC-588D869CA45D}.Release|Any CPU.ActiveCfg = Release|Any CPU
		{4D715236-A6B5-41E0-8BAC-588D869CA45D}.Release|Any CPU.Build.0 = Release|Any CPU
		{F802A590-B56D-4E46-96B9-60FCFB8DF833}.Debug|Any CPU.ActiveCfg = Debug|Any CPU
		{F802A590-B56D-4E46-96B9-60FCFB8DF833}.Debug|Any CPU.Build.0 = Debug|Any CPU
		{F802A590-B56D-4E46-96B9-60FCFB8DF833}.Release|Any CPU.ActiveCfg = Release|Any CPU
		{F802A590-B56D-4E46-96B9-60FCFB8DF833}.Release|Any CPU.Build.0 = Release|Any CPU
		{476E6EF2-DB17-4C0D-A8DF-0DE018ED5F03}.Debug|Any CPU.ActiveCfg = Debug|Any CPU
		{476E6EF2-DB17-4C0D-A8DF-0DE018ED5F03}.Debug|Any CPU.Build.0 = Debug|Any CPU
		{476E6EF2-DB17-4C0D-A8DF-0DE018ED5F03}.Release|Any CPU.ActiveCfg = Release|Any CPU
		{476E6EF2-DB17-4C0D-A8DF-0DE018ED5F03}.Release|Any CPU.Build.0 = Release|Any CPU
		{170479CE-B218-4081-974B-FC8396699F84}.Debug|Any CPU.ActiveCfg = Debug|Any CPU
		{170479CE-B218-4081-974B-FC8396699F84}.Debug|Any CPU.Build.0 = Debug|Any CPU
		{170479CE-B218-4081-974B-FC8396699F84}.Release|Any CPU.ActiveCfg = Release|Any CPU
		{170479CE-B218-4081-974B-FC8396699F84}.Release|Any CPU.Build.0 = Release|Any CPU
		{28FF68F9-36D9-40F3-80D2-6F179932782D}.Debug|Any CPU.ActiveCfg = Debug|Any CPU
		{28FF68F9-36D9-40F3-80D2-6F179932782D}.Debug|Any CPU.Build.0 = Debug|Any CPU
		{28FF68F9-36D9-40F3-80D2-6F179932782D}.Release|Any CPU.ActiveCfg = Release|Any CPU
		{28FF68F9-36D9-40F3-80D2-6F179932782D}.Release|Any CPU.Build.0 = Release|Any CPU
		{FE2AB164-9C23-474D-9C98-7BAD93A1516D}.Debug|Any CPU.ActiveCfg = Debug|Any CPU
		{FE2AB164-9C23-474D-9C98-7BAD93A1516D}.Debug|Any CPU.Build.0 = Debug|Any CPU
		{FE2AB164-9C23-474D-9C98-7BAD93A1516D}.Release|Any CPU.ActiveCfg = Release|Any CPU
		{FE2AB164-9C23-474D-9C98-7BAD93A1516D}.Release|Any CPU.Build.0 = Release|Any CPU
		{3CCD2CA9-761E-430E-9ED0-47B0CB5084D0}.Debug|Any CPU.ActiveCfg = Debug|Any CPU
		{3CCD2CA9-761E-430E-9ED0-47B0CB5084D0}.Debug|Any CPU.Build.0 = Debug|Any CPU
		{3CCD2CA9-761E-430E-9ED0-47B0CB5084D0}.Release|Any CPU.ActiveCfg = Release|Any CPU
		{3CCD2CA9-761E-430E-9ED0-47B0CB5084D0}.Release|Any CPU.Build.0 = Release|Any CPU
		{A9915D3D-A7B8-42EC-A573-7F9F6938EF92}.Debug|Any CPU.ActiveCfg = Debug|Any CPU
		{A9915D3D-A7B8-42EC-A573-7F9F6938EF92}.Debug|Any CPU.Build.0 = Debug|Any CPU
		{A9915D3D-A7B8-42EC-A573-7F9F6938EF92}.Release|Any CPU.ActiveCfg = Release|Any CPU
		{A9915D3D-A7B8-42EC-A573-7F9F6938EF92}.Release|Any CPU.Build.0 = Release|Any CPU
		{C7DD4067-C9BD-4E3B-A81B-54DDBC504FA6}.Debug|Any CPU.ActiveCfg = Debug|Any CPU
		{C7DD4067-C9BD-4E3B-A81B-54DDBC504FA6}.Debug|Any CPU.Build.0 = Debug|Any CPU
		{C7DD4067-C9BD-4E3B-A81B-54DDBC504FA6}.Release|Any CPU.ActiveCfg = Release|Any CPU
		{C7DD4067-C9BD-4E3B-A81B-54DDBC504FA6}.Release|Any CPU.Build.0 = Release|Any CPU
		{6110C4D6-17CE-4A2B-95AC-F1CD3223E347}.Debug|Any CPU.ActiveCfg = Debug|Any CPU
		{6110C4D6-17CE-4A2B-95AC-F1CD3223E347}.Debug|Any CPU.Build.0 = Debug|Any CPU
		{6110C4D6-17CE-4A2B-95AC-F1CD3223E347}.Release|Any CPU.ActiveCfg = Release|Any CPU
		{6110C4D6-17CE-4A2B-95AC-F1CD3223E347}.Release|Any CPU.Build.0 = Release|Any CPU
		{A7C1F23A-31A1-42F0-B595-E049BB1DFF5B}.Debug|Any CPU.ActiveCfg = Debug|Any CPU
		{A7C1F23A-31A1-42F0-B595-E049BB1DFF5B}.Debug|Any CPU.Build.0 = Debug|Any CPU
		{A7C1F23A-31A1-42F0-B595-E049BB1DFF5B}.Release|Any CPU.ActiveCfg = Release|Any CPU
		{A7C1F23A-31A1-42F0-B595-E049BB1DFF5B}.Release|Any CPU.Build.0 = Release|Any CPU
	EndGlobalSection
	GlobalSection(SolutionProperties) = preSolution
		HideSolutionNode = FALSE
	EndGlobalSection
	GlobalSection(NestedProjects) = preSolution
		{CC6E0089-2D42-4A18-9525-3EDF09560E27} = {C124812C-62E3-46A4-9A69-7ACD84485936}
		{6D4EDE58-0A9F-47C6-BEB4-AA738DEA5137} = {C124812C-62E3-46A4-9A69-7ACD84485936}
		{8C412F85-067E-4E0A-B114-EF780BC98D5F} = {C124812C-62E3-46A4-9A69-7ACD84485936}
		{AC2CD4B8-B2CC-490B-A9DB-BA4FCA0897DB} = {C124812C-62E3-46A4-9A69-7ACD84485936}
		{1011D6D8-E59D-452A-B95D-0A633243D998} = {C124812C-62E3-46A4-9A69-7ACD84485936}
		{1468489C-1088-4631-A6C5-DFCE6110637A} = {C124812C-62E3-46A4-9A69-7ACD84485936}
		{1CEDD2A2-AE11-4904-992F-480FBCD2A93A} = {C124812C-62E3-46A4-9A69-7ACD84485936}
		{7EF3F4BE-80C6-4E81-8571-E7435BCC3233} = {C124812C-62E3-46A4-9A69-7ACD84485936}
		{A21D94D3-0AB1-4932-88D6-8EC247B11F8F} = {C124812C-62E3-46A4-9A69-7ACD84485936}
		{A24D1C52-5F65-43F4-8B9E-AEFCF67DB431} = {C124812C-62E3-46A4-9A69-7ACD84485936}
		{931C567D-D336-4540-82DF-A12FAC6E37CF} = {C124812C-62E3-46A4-9A69-7ACD84485936}
		{64254424-72A4-4855-A3BC-563473F6C4A7} = {C124812C-62E3-46A4-9A69-7ACD84485936}
		{A2ABD674-0A22-4073-9365-CA5E54EA09B9} = {C124812C-62E3-46A4-9A69-7ACD84485936}
		{4D715236-A6B5-41E0-8BAC-588D869CA45D} = {C124812C-62E3-46A4-9A69-7ACD84485936}
		{F802A590-B56D-4E46-96B9-60FCFB8DF833} = {C124812C-62E3-46A4-9A69-7ACD84485936}
		{476E6EF2-DB17-4C0D-A8DF-0DE018ED5F03} = {C124812C-62E3-46A4-9A69-7ACD84485936}
		{170479CE-B218-4081-974B-FC8396699F84} = {7F94381C-F69F-4662-A4BE-3E19087E5B85}
		{28FF68F9-36D9-40F3-80D2-6F179932782D} = {7F94381C-F69F-4662-A4BE-3E19087E5B85}
		{FE2AB164-9C23-474D-9C98-7BAD93A1516D} = {7F94381C-F69F-4662-A4BE-3E19087E5B85}
		{3CCD2CA9-761E-430E-9ED0-47B0CB5084D0} = {7F94381C-F69F-4662-A4BE-3E19087E5B85}
		{A9915D3D-A7B8-42EC-A573-7F9F6938EF92} = {7F94381C-F69F-4662-A4BE-3E19087E5B85}
		{C7DD4067-C9BD-4E3B-A81B-54DDBC504FA6} = {7F94381C-F69F-4662-A4BE-3E19087E5B85}
		{6110C4D6-17CE-4A2B-95AC-F1CD3223E347} = {7F94381C-F69F-4662-A4BE-3E19087E5B85}
		{A7C1F23A-31A1-42F0-B595-E049BB1DFF5B} = {7F94381C-F69F-4662-A4BE-3E19087E5B85}
	EndGlobalSection
	GlobalSection(ExtensibilityGlobals) = postSolution
		SolutionGuid = {313FA468-D378-4637-9DE8-B6D22650EE17}
	EndGlobalSection
EndGlobal
