
Microsoft Visual Studio Solution File, Format Version 12.00
# Visual Studio 14
VisualStudioVersion = 14.0.25123.0
MinimumVisualStudioVersion = 10.0.40219.1
Project("{FAE04EC0-301F-11D3-BF4B-00C04F79EFBC}") = "Testing.NHibernate3", "Testing.NHibernate3\Testing.NHibernate3.csproj", "{25087342-CC11-451A-8BB0-765D1AB3FD52}"
EndProject
Project("{FAE04EC0-301F-11D3-BF4B-00C04F79EFBC}") = "Core", "Core\Core.csproj", "{856B41BF-BFA3-40CC-B90D-4B2098FE3B74}"
EndProject
Project("{FAE04EC0-301F-11D3-BF4B-00C04F79EFBC}") = "Data.NHibernate3", "Data.NHibernate3\Data.NHibernate3.csproj", "{4CB65D8A-99BA-4274-B323-9ACCF19606EB}"
EndProject
Project("{FAE04EC0-301F-11D3-BF4B-00C04F79EFBC}") = "Core.Tests", "Tests\Core.Tests\Core.Tests.csproj", "{8B606909-594B-4894-A651-7652C45E87B4}"
EndProject
Project("{FAE04EC0-301F-11D3-BF4B-00C04F79EFBC}") = "Testing", "Testing\Testing.csproj", "{4CAA2BBC-190C-4A75-88DF-E34FC07FD81D}"
EndProject
Project("{FAE04EC0-301F-11D3-BF4B-00C04F79EFBC}") = "Mvc4", "Mvc4\Mvc4.csproj", "{CC6E0089-2D42-4A18-9525-3EDF09560E27}"
EndProject
Project("{2150E333-8FDC-42A3-9474-1A3956D46DE8}") = "Solution Items", "Solution Items", "{C148C2AA-35CB-498F-8B38-C590A4CAA012}"
	ProjectSection(SolutionItems) = preProject
		..\.gitignore = ..\.gitignore
		..\LICENSE-BSD = ..\LICENSE-BSD
		..\README.md = ..\README.md
	EndProjectSection
EndProject
Project("{FAE04EC0-301F-11D3-BF4B-00C04F79EFBC}") = "Mvc5", "Mvc5\Mvc5.csproj", "{6D4EDE58-0A9F-47C6-BEB4-AA738DEA5137}"
EndProject
Project("{FAE04EC0-301F-11D3-BF4B-00C04F79EFBC}") = "WebApi2", "WebApi2\WebApi2.csproj", "{A24D1C52-5F65-43F4-8B9E-AEFCF67DB431}"
EndProject
Project("{FAE04EC0-301F-11D3-BF4B-00C04F79EFBC}") = "WebApi", "WebApi\WebApi.csproj", "{A21D94D3-0AB1-4932-88D6-8EC247B11F8F}"
EndProject
Project("{FAE04EC0-301F-11D3-BF4B-00C04F79EFBC}") = "Data.NHibernate3.Tests", "Tests\Data.NHibernate3.Tests\Data.NHibernate3.Tests.csproj", "{05328E70-9ADD-4790-B61B-3902000301FA}"
EndProject
Project("{FAE04EC0-301F-11D3-BF4B-00C04F79EFBC}") = "Mvc5-1", "Mvc5-1\Mvc5-1.csproj", "{8C412F85-067E-4E0A-B114-EF780BC98D5F}"
EndProject
Project("{FAE04EC0-301F-11D3-BF4B-00C04F79EFBC}") = "Mvc5-2", "Mvc5-2\Mvc5-2.csproj", "{AC2CD4B8-B2CC-490B-A9DB-BA4FCA0897DB}"
EndProject
Project("{FAE04EC0-301F-11D3-BF4B-00C04F79EFBC}") = "WebApi2-1", "WebApi2-1\WebApi2-1.csproj", "{931C567D-D336-4540-82DF-A12FAC6E37CF}"
EndProject
Project("{FAE04EC0-301F-11D3-BF4B-00C04F79EFBC}") = "WebApi2-2", "WebApi2-2\WebApi2-2.csproj", "{64254424-72A4-4855-A3BC-563473F6C4A7}"
EndProject
Project("{FAE04EC0-301F-11D3-BF4B-00C04F79EFBC}") = "Testing.NHibernate4", "Testing.NHibernate4\Testing.NHibernate4.csproj", "{6ABE0B83-0312-4F30-8665-4BB4BA58BC33}"
EndProject
Project("{FAE04EC0-301F-11D3-BF4B-00C04F79EFBC}") = "Data.NHibernate4", "Data.NHibernate4\Data.NHibernate4.csproj", "{84085341-8720-44EE-BD78-B5F5C38BC330}"
EndProject
Project("{FAE04EC0-301F-11D3-BF4B-00C04F79EFBC}") = "Data.NHibernate4.Tests", "Tests\Data.NHibernate4.Tests\Data.NHibernate4.Tests.csproj", "{7FD6C25F-D2A1-492D-9067-CC8772E7E4D5}"
EndProject
Project("{FAE04EC0-301F-11D3-BF4B-00C04F79EFBC}") = "Testing.Mvc5-2", "Testing.Mvc5-2\Testing.Mvc5-2.csproj", "{7EF3F4BE-80C6-4E81-8571-E7435BCC3233}"
EndProject
Project("{FAE04EC0-301F-11D3-BF4B-00C04F79EFBC}") = "Testing.Mvc5-2.Tests", "Tests\Testing.Mvc5-2.Tests\Testing.Mvc5-2.Tests.csproj", "{3CCD2CA9-761E-430E-9ED0-47B0CB5084D0}"
EndProject
Project("{FAE04EC0-301F-11D3-BF4B-00C04F79EFBC}") = "Testing.Mvc5-1", "Testing.Mvc5-1\Testing.Mvc5-1.csproj", "{1CEDD2A2-AE11-4904-992F-480FBCD2A93A}"
EndProject
Project("{FAE04EC0-301F-11D3-BF4B-00C04F79EFBC}") = "Testing.Mvc4", "Testing.Mvc4\Testing.Mvc4.csproj", "{1011D6D8-E59D-452A-B95D-0A633243D998}"
EndProject
Project("{FAE04EC0-301F-11D3-BF4B-00C04F79EFBC}") = "Testing.Mvc4.Tests", "Tests\Testing.Mvc4.Tests\Testing.Mvc4.Tests.csproj", "{170479CE-B218-4081-974B-FC8396699F84}"
EndProject
Project("{FAE04EC0-301F-11D3-BF4B-00C04F79EFBC}") = "Testing.Mvc5", "Testing.Mvc5\Testing.Mvc5.csproj", "{1468489C-1088-4631-A6C5-DFCE6110637A}"
EndProject
Project("{FAE04EC0-301F-11D3-BF4B-00C04F79EFBC}") = "Testing.Mvc5.Tests", "Tests\Testing.Mvc5.Tests\Testing.Mvc5.Tests.csproj", "{28FF68F9-36D9-40F3-80D2-6F179932782D}"
EndProject
Project("{FAE04EC0-301F-11D3-BF4B-00C04F79EFBC}") = "Testing.Mvc5-1.Tests", "Tests\Testing.Mvc5-1.Tests\Testing.Mvc5-1.Tests.csproj", "{FE2AB164-9C23-474D-9C98-7BAD93A1516D}"
EndProject
Project("{FAE04EC0-301F-11D3-BF4B-00C04F79EFBC}") = "Data.FluentMigrator", "Data.FluentMigrator\Data.FluentMigrator.csproj", "{A7396F85-22B8-42CE-BFB7-65300E028B8D}"
EndProject
Project("{FAE04EC0-301F-11D3-BF4B-00C04F79EFBC}") = "Data.FluentMigrator.Tests", "Tests\Data.FluentMigrator.Tests\Data.FluentMigrator.Tests.csproj", "{37992F6F-C7E3-4743-B965-C176337142FF}"
EndProject
Global
	GlobalSection(SolutionConfigurationPlatforms) = preSolution
		Debug|Any CPU = Debug|Any CPU
		Release|Any CPU = Release|Any CPU
	EndGlobalSection
	GlobalSection(ProjectConfigurationPlatforms) = postSolution
		{25087342-CC11-451A-8BB0-765D1AB3FD52}.Debug|Any CPU.ActiveCfg = Debug|Any CPU
		{25087342-CC11-451A-8BB0-765D1AB3FD52}.Debug|Any CPU.Build.0 = Debug|Any CPU
		{25087342-CC11-451A-8BB0-765D1AB3FD52}.Release|Any CPU.ActiveCfg = Release|Any CPU
		{25087342-CC11-451A-8BB0-765D1AB3FD52}.Release|Any CPU.Build.0 = Release|Any CPU
		{856B41BF-BFA3-40CC-B90D-4B2098FE3B74}.Debug|Any CPU.ActiveCfg = Debug|Any CPU
		{856B41BF-BFA3-40CC-B90D-4B2098FE3B74}.Debug|Any CPU.Build.0 = Debug|Any CPU
		{856B41BF-BFA3-40CC-B90D-4B2098FE3B74}.Release|Any CPU.ActiveCfg = Release|Any CPU
		{856B41BF-BFA3-40CC-B90D-4B2098FE3B74}.Release|Any CPU.Build.0 = Release|Any CPU
		{4CB65D8A-99BA-4274-B323-9ACCF19606EB}.Debug|Any CPU.ActiveCfg = Debug|Any CPU
		{4CB65D8A-99BA-4274-B323-9ACCF19606EB}.Debug|Any CPU.Build.0 = Debug|Any CPU
		{4CB65D8A-99BA-4274-B323-9ACCF19606EB}.Release|Any CPU.ActiveCfg = Release|Any CPU
		{4CB65D8A-99BA-4274-B323-9ACCF19606EB}.Release|Any CPU.Build.0 = Release|Any CPU
		{8B606909-594B-4894-A651-7652C45E87B4}.Debug|Any CPU.ActiveCfg = Debug|Any CPU
		{8B606909-594B-4894-A651-7652C45E87B4}.Debug|Any CPU.Build.0 = Debug|Any CPU
		{8B606909-594B-4894-A651-7652C45E87B4}.Release|Any CPU.ActiveCfg = Release|Any CPU
		{8B606909-594B-4894-A651-7652C45E87B4}.Release|Any CPU.Build.0 = Release|Any CPU
		{4CAA2BBC-190C-4A75-88DF-E34FC07FD81D}.Debug|Any CPU.ActiveCfg = Debug|Any CPU
		{4CAA2BBC-190C-4A75-88DF-E34FC07FD81D}.Debug|Any CPU.Build.0 = Debug|Any CPU
		{4CAA2BBC-190C-4A75-88DF-E34FC07FD81D}.Release|Any CPU.ActiveCfg = Release|Any CPU
		{4CAA2BBC-190C-4A75-88DF-E34FC07FD81D}.Release|Any CPU.Build.0 = Release|Any CPU
		{CC6E0089-2D42-4A18-9525-3EDF09560E27}.Debug|Any CPU.ActiveCfg = Debug|Any CPU
		{CC6E0089-2D42-4A18-9525-3EDF09560E27}.Debug|Any CPU.Build.0 = Debug|Any CPU
		{CC6E0089-2D42-4A18-9525-3EDF09560E27}.Release|Any CPU.ActiveCfg = Release|Any CPU
		{CC6E0089-2D42-4A18-9525-3EDF09560E27}.Release|Any CPU.Build.0 = Release|Any CPU
		{6D4EDE58-0A9F-47C6-BEB4-AA738DEA5137}.Debug|Any CPU.ActiveCfg = Debug|Any CPU
		{6D4EDE58-0A9F-47C6-BEB4-AA738DEA5137}.Debug|Any CPU.Build.0 = Debug|Any CPU
		{6D4EDE58-0A9F-47C6-BEB4-AA738DEA5137}.Release|Any CPU.ActiveCfg = Release|Any CPU
		{6D4EDE58-0A9F-47C6-BEB4-AA738DEA5137}.Release|Any CPU.Build.0 = Release|Any CPU
		{A24D1C52-5F65-43F4-8B9E-AEFCF67DB431}.Debug|Any CPU.ActiveCfg = Debug|Any CPU
		{A24D1C52-5F65-43F4-8B9E-AEFCF67DB431}.Debug|Any CPU.Build.0 = Debug|Any CPU
		{A24D1C52-5F65-43F4-8B9E-AEFCF67DB431}.Release|Any CPU.ActiveCfg = Release|Any CPU
		{A24D1C52-5F65-43F4-8B9E-AEFCF67DB431}.Release|Any CPU.Build.0 = Release|Any CPU
		{A21D94D3-0AB1-4932-88D6-8EC247B11F8F}.Debug|Any CPU.ActiveCfg = Debug|Any CPU
		{A21D94D3-0AB1-4932-88D6-8EC247B11F8F}.Debug|Any CPU.Build.0 = Debug|Any CPU
		{A21D94D3-0AB1-4932-88D6-8EC247B11F8F}.Release|Any CPU.ActiveCfg = Release|Any CPU
		{A21D94D3-0AB1-4932-88D6-8EC247B11F8F}.Release|Any CPU.Build.0 = Release|Any CPU
		{05328E70-9ADD-4790-B61B-3902000301FA}.Debug|Any CPU.ActiveCfg = Debug|Any CPU
		{05328E70-9ADD-4790-B61B-3902000301FA}.Debug|Any CPU.Build.0 = Debug|Any CPU
		{05328E70-9ADD-4790-B61B-3902000301FA}.Release|Any CPU.ActiveCfg = Release|Any CPU
		{05328E70-9ADD-4790-B61B-3902000301FA}.Release|Any CPU.Build.0 = Release|Any CPU
		{8C412F85-067E-4E0A-B114-EF780BC98D5F}.Debug|Any CPU.ActiveCfg = Debug|Any CPU
		{8C412F85-067E-4E0A-B114-EF780BC98D5F}.Debug|Any CPU.Build.0 = Debug|Any CPU
		{8C412F85-067E-4E0A-B114-EF780BC98D5F}.Release|Any CPU.ActiveCfg = Release|Any CPU
		{8C412F85-067E-4E0A-B114-EF780BC98D5F}.Release|Any CPU.Build.0 = Release|Any CPU
		{AC2CD4B8-B2CC-490B-A9DB-BA4FCA0897DB}.Debug|Any CPU.ActiveCfg = Debug|Any CPU
		{AC2CD4B8-B2CC-490B-A9DB-BA4FCA0897DB}.Debug|Any CPU.Build.0 = Debug|Any CPU
		{AC2CD4B8-B2CC-490B-A9DB-BA4FCA0897DB}.Release|Any CPU.ActiveCfg = Release|Any CPU
		{AC2CD4B8-B2CC-490B-A9DB-BA4FCA0897DB}.Release|Any CPU.Build.0 = Release|Any CPU
		{931C567D-D336-4540-82DF-A12FAC6E37CF}.Debug|Any CPU.ActiveCfg = Debug|Any CPU
		{931C567D-D336-4540-82DF-A12FAC6E37CF}.Debug|Any CPU.Build.0 = Debug|Any CPU
		{931C567D-D336-4540-82DF-A12FAC6E37CF}.Release|Any CPU.ActiveCfg = Release|Any CPU
		{931C567D-D336-4540-82DF-A12FAC6E37CF}.Release|Any CPU.Build.0 = Release|Any CPU
		{64254424-72A4-4855-A3BC-563473F6C4A7}.Debug|Any CPU.ActiveCfg = Debug|Any CPU
		{64254424-72A4-4855-A3BC-563473F6C4A7}.Debug|Any CPU.Build.0 = Debug|Any CPU
		{64254424-72A4-4855-A3BC-563473F6C4A7}.Release|Any CPU.ActiveCfg = Release|Any CPU
		{64254424-72A4-4855-A3BC-563473F6C4A7}.Release|Any CPU.Build.0 = Release|Any CPU
		{6ABE0B83-0312-4F30-8665-4BB4BA58BC33}.Debug|Any CPU.ActiveCfg = Debug|Any CPU
		{6ABE0B83-0312-4F30-8665-4BB4BA58BC33}.Debug|Any CPU.Build.0 = Debug|Any CPU
		{6ABE0B83-0312-4F30-8665-4BB4BA58BC33}.Release|Any CPU.ActiveCfg = Release|Any CPU
		{6ABE0B83-0312-4F30-8665-4BB4BA58BC33}.Release|Any CPU.Build.0 = Release|Any CPU
		{84085341-8720-44EE-BD78-B5F5C38BC330}.Debug|Any CPU.ActiveCfg = Debug|Any CPU
		{84085341-8720-44EE-BD78-B5F5C38BC330}.Debug|Any CPU.Build.0 = Debug|Any CPU
		{84085341-8720-44EE-BD78-B5F5C38BC330}.Release|Any CPU.ActiveCfg = Release|Any CPU
		{84085341-8720-44EE-BD78-B5F5C38BC330}.Release|Any CPU.Build.0 = Release|Any CPU
		{7FD6C25F-D2A1-492D-9067-CC8772E7E4D5}.Debug|Any CPU.ActiveCfg = Debug|Any CPU
		{7FD6C25F-D2A1-492D-9067-CC8772E7E4D5}.Debug|Any CPU.Build.0 = Debug|Any CPU
		{7FD6C25F-D2A1-492D-9067-CC8772E7E4D5}.Release|Any CPU.ActiveCfg = Release|Any CPU
		{7FD6C25F-D2A1-492D-9067-CC8772E7E4D5}.Release|Any CPU.Build.0 = Release|Any CPU
		{7EF3F4BE-80C6-4E81-8571-E7435BCC3233}.Debug|Any CPU.ActiveCfg = Debug|Any CPU
		{7EF3F4BE-80C6-4E81-8571-E7435BCC3233}.Debug|Any CPU.Build.0 = Debug|Any CPU
		{7EF3F4BE-80C6-4E81-8571-E7435BCC3233}.Release|Any CPU.ActiveCfg = Release|Any CPU
		{7EF3F4BE-80C6-4E81-8571-E7435BCC3233}.Release|Any CPU.Build.0 = Release|Any CPU
		{3CCD2CA9-761E-430E-9ED0-47B0CB5084D0}.Debug|Any CPU.ActiveCfg = Debug|Any CPU
		{3CCD2CA9-761E-430E-9ED0-47B0CB5084D0}.Debug|Any CPU.Build.0 = Debug|Any CPU
		{3CCD2CA9-761E-430E-9ED0-47B0CB5084D0}.Release|Any CPU.ActiveCfg = Release|Any CPU
		{3CCD2CA9-761E-430E-9ED0-47B0CB5084D0}.Release|Any CPU.Build.0 = Release|Any CPU
		{1CEDD2A2-AE11-4904-992F-480FBCD2A93A}.Debug|Any CPU.ActiveCfg = Debug|Any CPU
		{1CEDD2A2-AE11-4904-992F-480FBCD2A93A}.Debug|Any CPU.Build.0 = Debug|Any CPU
		{1CEDD2A2-AE11-4904-992F-480FBCD2A93A}.Release|Any CPU.ActiveCfg = Release|Any CPU
		{1CEDD2A2-AE11-4904-992F-480FBCD2A93A}.Release|Any CPU.Build.0 = Release|Any CPU
		{1011D6D8-E59D-452A-B95D-0A633243D998}.Debug|Any CPU.ActiveCfg = Debug|Any CPU
		{1011D6D8-E59D-452A-B95D-0A633243D998}.Debug|Any CPU.Build.0 = Debug|Any CPU
		{1011D6D8-E59D-452A-B95D-0A633243D998}.Release|Any CPU.ActiveCfg = Release|Any CPU
		{1011D6D8-E59D-452A-B95D-0A633243D998}.Release|Any CPU.Build.0 = Release|Any CPU
		{170479CE-B218-4081-974B-FC8396699F84}.Debug|Any CPU.ActiveCfg = Debug|Any CPU
		{170479CE-B218-4081-974B-FC8396699F84}.Debug|Any CPU.Build.0 = Debug|Any CPU
		{170479CE-B218-4081-974B-FC8396699F84}.Release|Any CPU.ActiveCfg = Release|Any CPU
		{170479CE-B218-4081-974B-FC8396699F84}.Release|Any CPU.Build.0 = Release|Any CPU
		{1468489C-1088-4631-A6C5-DFCE6110637A}.Debug|Any CPU.ActiveCfg = Debug|Any CPU
		{1468489C-1088-4631-A6C5-DFCE6110637A}.Debug|Any CPU.Build.0 = Debug|Any CPU
		{1468489C-1088-4631-A6C5-DFCE6110637A}.Release|Any CPU.ActiveCfg = Release|Any CPU
		{1468489C-1088-4631-A6C5-DFCE6110637A}.Release|Any CPU.Build.0 = Release|Any CPU
		{28FF68F9-36D9-40F3-80D2-6F179932782D}.Debug|Any CPU.ActiveCfg = Debug|Any CPU
		{28FF68F9-36D9-40F3-80D2-6F179932782D}.Debug|Any CPU.Build.0 = Debug|Any CPU
		{28FF68F9-36D9-40F3-80D2-6F179932782D}.Release|Any CPU.ActiveCfg = Release|Any CPU
		{28FF68F9-36D9-40F3-80D2-6F179932782D}.Release|Any CPU.Build.0 = Release|Any CPU
		{FE2AB164-9C23-474D-9C98-7BAD93A1516D}.Debug|Any CPU.ActiveCfg = Debug|Any CPU
		{FE2AB164-9C23-474D-9C98-7BAD93A1516D}.Debug|Any CPU.Build.0 = Debug|Any CPU
		{FE2AB164-9C23-474D-9C98-7BAD93A1516D}.Release|Any CPU.ActiveCfg = Release|Any CPU
		{FE2AB164-9C23-474D-9C98-7BAD93A1516D}.Release|Any CPU.Build.0 = Release|Any CPU
		{A7396F85-22B8-42CE-BFB7-65300E028B8D}.Debug|Any CPU.ActiveCfg = Debug|Any CPU
		{A7396F85-22B8-42CE-BFB7-65300E028B8D}.Debug|Any CPU.Build.0 = Debug|Any CPU
		{A7396F85-22B8-42CE-BFB7-65300E028B8D}.Release|Any CPU.ActiveCfg = Release|Any CPU
		{A7396F85-22B8-42CE-BFB7-65300E028B8D}.Release|Any CPU.Build.0 = Release|Any CPU
		{37992F6F-C7E3-4743-B965-C176337142FF}.Debug|Any CPU.ActiveCfg = Debug|Any CPU
		{37992F6F-C7E3-4743-B965-C176337142FF}.Debug|Any CPU.Build.0 = Debug|Any CPU
		{37992F6F-C7E3-4743-B965-C176337142FF}.Release|Any CPU.ActiveCfg = Release|Any CPU
		{37992F6F-C7E3-4743-B965-C176337142FF}.Release|Any CPU.Build.0 = Release|Any CPU
	EndGlobalSection
	GlobalSection(SolutionProperties) = preSolution
		HideSolutionNode = FALSE
	EndGlobalSection
EndGlobal
