
Microsoft Visual Studio Solution File, Format Version 12.00
# Visual Studio 2013
VisualStudioVersion = 12.0.21005.1
MinimumVisualStudioVersion = 10.0.40219.1
Project("{FAE04EC0-301F-11D3-BF4B-00C04F79EFBC}") = "Testing.NHibernate", "Testing.NHibernate\Testing.NHibernate.csproj", "{25087342-CC11-451A-8BB0-765D1AB3FD52}"
EndProject
Project("{FAE04EC0-301F-11D3-BF4B-00C04F79EFBC}") = "Core", "Core\Core.csproj", "{856B41BF-BFA3-40CC-B90D-4B2098FE3B74}"
EndProject
Project("{FAE04EC0-301F-11D3-BF4B-00C04F79EFBC}") = "Data.NHibernate", "Data.NHibernate\Data.NHibernate.csproj", "{4CB65D8A-99BA-4274-B323-9ACCF19606EB}"
EndProject
Project("{FAE04EC0-301F-11D3-BF4B-00C04F79EFBC}") = "Core.Tests", "Core.Tests\Core.Tests.csproj", "{8B606909-594B-4894-A651-7652C45E87B4}"
EndProject
Project("{FAE04EC0-301F-11D3-BF4B-00C04F79EFBC}") = "Testing", "Testing\Testing.csproj", "{4CAA2BBC-190C-4A75-88DF-E34FC07FD81D}"
EndProject
Project("{FAE04EC0-301F-11D3-BF4B-00C04F79EFBC}") = "Mvc4", "Mvc4\Mvc4.csproj", "{CC6E0089-2D42-4A18-9525-3EDF09560E27}"
EndProject
Project("{2150E333-8FDC-42A3-9474-1A3956D46DE8}") = "Solution Items", "Solution Items", "{C148C2AA-35CB-498F-8B38-C590A4CAA012}"
	ProjectSection(SolutionItems) = preProject
		..\.gitignore = ..\.gitignore
		..\LICENSE-BSD = ..\LICENSE-BSD
		..\README.md = ..\README.md
	EndProjectSection
EndProject
Project("{2150E333-8FDC-42A3-9474-1A3956D46DE8}") = ".nuget", ".nuget", "{4CF6B704-00C1-475A-9966-BBA80502ED12}"
	ProjectSection(SolutionItems) = preProject
		.nuget\NuGet.Config = .nuget\NuGet.Config
		.nuget\NuGet.exe = .nuget\NuGet.exe
		.nuget\NuGet.targets = .nuget\NuGet.targets
	EndProjectSection
EndProject
Global
	GlobalSection(SolutionConfigurationPlatforms) = preSolution
		Debug|Any CPU = Debug|Any CPU
		Release|Any CPU = Release|Any CPU
	EndGlobalSection
	GlobalSection(ProjectConfigurationPlatforms) = postSolution
		{25087342-CC11-451A-8BB0-765D1AB3FD52}.Debug|Any CPU.ActiveCfg = Debug|Any CPU
		{25087342-CC11-451A-8BB0-765D1AB3FD52}.Debug|Any CPU.Build.0 = Debug|Any CPU
		{25087342-CC11-451A-8BB0-765D1AB3FD52}.Release|Any CPU.ActiveCfg = Release|Any CPU
		{25087342-CC11-451A-8BB0-765D1AB3FD52}.Release|Any CPU.Build.0 = Release|Any CPU
		{856B41BF-BFA3-40CC-B90D-4B2098FE3B74}.Debug|Any CPU.ActiveCfg = Debug|Any CPU
		{856B41BF-BFA3-40CC-B90D-4B2098FE3B74}.Debug|Any CPU.Build.0 = Debug|Any CPU
		{856B41BF-BFA3-40CC-B90D-4B2098FE3B74}.Release|Any CPU.ActiveCfg = Release|Any CPU
		{856B41BF-BFA3-40CC-B90D-4B2098FE3B74}.Release|Any CPU.Build.0 = Release|Any CPU
		{4CB65D8A-99BA-4274-B323-9ACCF19606EB}.Debug|Any CPU.ActiveCfg = Debug|Any CPU
		{4CB65D8A-99BA-4274-B323-9ACCF19606EB}.Debug|Any CPU.Build.0 = Debug|Any CPU
		{4CB65D8A-99BA-4274-B323-9ACCF19606EB}.Release|Any CPU.ActiveCfg = Release|Any CPU
		{4CB65D8A-99BA-4274-B323-9ACCF19606EB}.Release|Any CPU.Build.0 = Release|Any CPU
		{8B606909-594B-4894-A651-7652C45E87B4}.Debug|Any CPU.ActiveCfg = Debug|Any CPU
		{8B606909-594B-4894-A651-7652C45E87B4}.Debug|Any CPU.Build.0 = Debug|Any CPU
		{8B606909-594B-4894-A651-7652C45E87B4}.Release|Any CPU.ActiveCfg = Release|Any CPU
		{8B606909-594B-4894-A651-7652C45E87B4}.Release|Any CPU.Build.0 = Release|Any CPU
		{4CAA2BBC-190C-4A75-88DF-E34FC07FD81D}.Debug|Any CPU.ActiveCfg = Debug|Any CPU
		{4CAA2BBC-190C-4A75-88DF-E34FC07FD81D}.Debug|Any CPU.Build.0 = Debug|Any CPU
		{4CAA2BBC-190C-4A75-88DF-E34FC07FD81D}.Release|Any CPU.ActiveCfg = Release|Any CPU
		{4CAA2BBC-190C-4A75-88DF-E34FC07FD81D}.Release|Any CPU.Build.0 = Release|Any CPU
		{CC6E0089-2D42-4A18-9525-3EDF09560E27}.Debug|Any CPU.ActiveCfg = Debug|Any CPU
		{CC6E0089-2D42-4A18-9525-3EDF09560E27}.Debug|Any CPU.Build.0 = Debug|Any CPU
		{CC6E0089-2D42-4A18-9525-3EDF09560E27}.Release|Any CPU.ActiveCfg = Release|Any CPU
		{CC6E0089-2D42-4A18-9525-3EDF09560E27}.Release|Any CPU.Build.0 = Release|Any CPU
	EndGlobalSection
	GlobalSection(SolutionProperties) = preSolution
		HideSolutionNode = FALSE
	EndGlobalSection
EndGlobal
